// !$*UTF8*$!
{
	archiveVersion = 1;
	classes = {
	};
	objectVersion = 56;
	objects = {

/* Begin PBXBuildFile section */
		C40AEBF02BBDD94500CA7DA2 /* ReturnCell.swift in Sources */ = {isa = PBXBuildFile; fileRef = C40AEBEF2BBDD94500CA7DA2 /* ReturnCell.swift */; };
		C40AEBF32BBDDEF300CA7DA2 /* button.json in Resources */ = {isa = PBXBuildFile; fileRef = C40AEBF12BBDDEF300CA7DA2 /* button.json */; };
		C41587002BC67D4B00C6BD2C /* ShareButton.swift in Sources */ = {isa = PBXBuildFile; fileRef = C41586FF2BC67D4B00C6BD2C /* ShareButton.swift */; };
		C41587052BC67E1F00C6BD2C /* OpenLinkButton.swift in Sources */ = {isa = PBXBuildFile; fileRef = C41587042BC67E1F00C6BD2C /* OpenLinkButton.swift */; };
		C41587072BC67F1200C6BD2C /* ButtonMetaData.swift in Sources */ = {isa = PBXBuildFile; fileRef = C41587062BC67F1200C6BD2C /* ButtonMetaData.swift */; };
		C415870F2BC6DC2C00C6BD2C /* NotificationName+Extensions.swift in Sources */ = {isa = PBXBuildFile; fileRef = C415870E2BC6DC2C00C6BD2C /* NotificationName+Extensions.swift */; };
		C41F1E582BC75828006C6E90 /* ShortcutItem.swift in Sources */ = {isa = PBXBuildFile; fileRef = C41F1E572BC75828006C6E90 /* ShortcutItem.swift */; };
		C41F1E5A2BC759D3006C6E90 /* ViewModel+ShortcutItems.swift in Sources */ = {isa = PBXBuildFile; fileRef = C41F1E592BC759D3006C6E90 /* ViewModel+ShortcutItems.swift */; };
		C41F1E5C2BC75C38006C6E90 /* Delegates.swift in Sources */ = {isa = PBXBuildFile; fileRef = C41F1E5B2BC75C38006C6E90 /* Delegates.swift */; };
		C429E6DB2BB9A5750045AAA5 /* ViewModel+Sound.swift in Sources */ = {isa = PBXBuildFile; fileRef = C429E6DA2BB9A5750045AAA5 /* ViewModel+Sound.swift */; };
		C4311A512BB6FE3E00DE9194 /* SettingsCell.swift in Sources */ = {isa = PBXBuildFile; fileRef = C4311A502BB6FE3E00DE9194 /* SettingsCell.swift */; };
		C4311A532BB700B800DE9194 /* TopicsList.swift in Sources */ = {isa = PBXBuildFile; fileRef = C4311A522BB700B800DE9194 /* TopicsList.swift */; };
		C4311A592BB708A500DE9194 /* CheckMark.swift in Sources */ = {isa = PBXBuildFile; fileRef = C4311A582BB708A500DE9194 /* CheckMark.swift */; };
		C433F51A2BB40C2C0088A7FC /* Category.swift in Sources */ = {isa = PBXBuildFile; fileRef = C433F5192BB40C2C0088A7FC /* Category.swift */; };
		C445A9D92BC8CA1D00157A1A /* cat.json in Resources */ = {isa = PBXBuildFile; fileRef = C445A9D82BC8CA1D00157A1A /* cat.json */; };
		C44795F02BC81D42005F7431 /* SettingsTip.swift in Sources */ = {isa = PBXBuildFile; fileRef = C44795EF2BC81D42005F7431 /* SettingsTip.swift */; };
		C44CFCB02BBAA5EF00CCAC97 /* ViewModel+Haptics.swift in Sources */ = {isa = PBXBuildFile; fileRef = C44CFCAF2BBAA5EF00CCAC97 /* ViewModel+Haptics.swift */; };
		C44CFCB22BBC3F8200CCAC97 /* AdditionalInfo.swift in Sources */ = {isa = PBXBuildFile; fileRef = C44CFCB12BBC3F8200CCAC97 /* AdditionalInfo.swift */; };
		C44CFCB82BBC56B700CCAC97 /* InfoCell.swift in Sources */ = {isa = PBXBuildFile; fileRef = C44CFCB72BBC56B700CCAC97 /* InfoCell.swift */; };
		C44CFCBA2BBC57D900CCAC97 /* LinkCell.swift in Sources */ = {isa = PBXBuildFile; fileRef = C44CFCB92BBC57D900CCAC97 /* LinkCell.swift */; };
		C451169E2BB965010003250E /* Lottie in Frameworks */ = {isa = PBXBuildFile; productRef = C451169D2BB965010003250E /* Lottie */; };
		C45116A02BB965300003250E /* Loader.swift in Sources */ = {isa = PBXBuildFile; fileRef = C451169F2BB965300003250E /* Loader.swift */; };
		C45116A62BB9690B0003250E /* hourglass.json in Resources */ = {isa = PBXBuildFile; fileRef = C45116A52BB9690B0003250E /* hourglass.json */; };
		C45734AD2BBCFDD4005CA143 /* ActivityVcWrapper.swift in Sources */ = {isa = PBXBuildFile; fileRef = C45734AC2BBCFDD4005CA143 /* ActivityVcWrapper.swift */; };
		C475AEA22BCD6C1300189AA4 /* WebView.swift in Sources */ = {isa = PBXBuildFile; fileRef = C475AEA12BCD6C1300189AA4 /* WebView.swift */; };
		C475AEA42BCD6D4B00189AA4 /* OpenWebViewButton.swift in Sources */ = {isa = PBXBuildFile; fileRef = C475AEA32BCD6D4B00189AA4 /* OpenWebViewButton.swift */; };
		C478DEAF2BC5DFC600C089D7 /* ViewModel+Notifications.swift in Sources */ = {isa = PBXBuildFile; fileRef = C478DEAE2BC5DFC600C089D7 /* ViewModel+Notifications.swift */; };
		C478DEB12BC5E00F00C089D7 /* ViewModel+CheckIsRead.swift in Sources */ = {isa = PBXBuildFile; fileRef = C478DEB02BC5E00F00C089D7 /* ViewModel+CheckIsRead.swift */; };
		C47BBB5A2BBE422C009CBE8A /* LoaderConfiguration.swift in Sources */ = {isa = PBXBuildFile; fileRef = C47BBB592BBE422C009CBE8A /* LoaderConfiguration.swift */; };
		C47BBB5C2BBE4302009CBE8A /* rocket.json in Resources */ = {isa = PBXBuildFile; fileRef = C47BBB5B2BBE4302009CBE8A /* rocket.json */; };
		C47BBB5E2BBE4E92009CBE8A /* LoaderSettingsCell.swift in Sources */ = {isa = PBXBuildFile; fileRef = C47BBB5D2BBE4E92009CBE8A /* LoaderSettingsCell.swift */; };
		C47BBB612BBECE15009CBE8A /* hamster.json in Resources */ = {isa = PBXBuildFile; fileRef = C47BBB5F2BBECE15009CBE8A /* hamster.json */; };
		C47BBB622BBECE15009CBE8A /* astronaut.json in Resources */ = {isa = PBXBuildFile; fileRef = C47BBB602BBECE15009CBE8A /* astronaut.json */; };
		C48733AC2BC9F93E00309537 /* error.json in Resources */ = {isa = PBXBuildFile; fileRef = C48733AB2BC9F93E00309537 /* error.json */; };
		C490ED652BC6027C00AE977C /* Constants.swift in Sources */ = {isa = PBXBuildFile; fileRef = C490ED642BC6027C00AE977C /* Constants.swift */; };
		C49C5FAF2BBF576400554218 /* WidgetKit.framework in Frameworks */ = {isa = PBXBuildFile; fileRef = C49C5FAE2BBF576400554218 /* WidgetKit.framework */; };
		C49C5FB12BBF576400554218 /* SwiftUI.framework in Frameworks */ = {isa = PBXBuildFile; fileRef = C49C5FB02BBF576400554218 /* SwiftUI.framework */; };
		C49C5FB42BBF576400554218 /* NewsWidgetsBundle.swift in Sources */ = {isa = PBXBuildFile; fileRef = C49C5FB32BBF576400554218 /* NewsWidgetsBundle.swift */; };
		C49C5FB62BBF576400554218 /* NewsWidgetsLiveActivity.swift in Sources */ = {isa = PBXBuildFile; fileRef = C49C5FB52BBF576400554218 /* NewsWidgetsLiveActivity.swift */; };
		C49C5FB82BBF576400554218 /* NewsWidgets.swift in Sources */ = {isa = PBXBuildFile; fileRef = C49C5FB72BBF576400554218 /* NewsWidgets.swift */; };
		C49C5FBA2BBF576400554218 /* AppIntent.swift in Sources */ = {isa = PBXBuildFile; fileRef = C49C5FB92BBF576400554218 /* AppIntent.swift */; };
		C49C5FBC2BBF576600554218 /* Assets.xcassets in Resources */ = {isa = PBXBuildFile; fileRef = C49C5FBB2BBF576600554218 /* Assets.xcassets */; };
		C49C5FC12BBF576600554218 /* NewsWidgetsExtension.appex in Embed Foundation Extensions */ = {isa = PBXBuildFile; fileRef = C49C5FAC2BBF576400554218 /* NewsWidgetsExtension.appex */; settings = {ATTRIBUTES = (RemoveHeadersOnCopy, ); }; };
		C49C5FC52BC0035000554218 /* Articles.swift in Sources */ = {isa = PBXBuildFile; fileRef = C4BC8D392BB308A500A0AFC8 /* Articles.swift */; };
		C49C5FC62BC0036500554218 /* CommonInfo.swift in Sources */ = {isa = PBXBuildFile; fileRef = C4BC8D372BB3089900A0AFC8 /* CommonInfo.swift */; };
		C49C5FC72BC0036800554218 /* CommonInfo.swift in Sources */ = {isa = PBXBuildFile; fileRef = C4BC8D372BB3089900A0AFC8 /* CommonInfo.swift */; };
		C49C5FC82BC0036900554218 /* CommonInfo.swift in Sources */ = {isa = PBXBuildFile; fileRef = C4BC8D372BB3089900A0AFC8 /* CommonInfo.swift */; };
		C49C5FC92BC0036B00554218 /* Articles.swift in Sources */ = {isa = PBXBuildFile; fileRef = C4BC8D392BB308A500A0AFC8 /* Articles.swift */; };
		C49C5FCA2BC0036B00554218 /* Articles.swift in Sources */ = {isa = PBXBuildFile; fileRef = C4BC8D392BB308A500A0AFC8 /* Articles.swift */; };
		C49C5FCB2BC0037200554218 /* Source.swift in Sources */ = {isa = PBXBuildFile; fileRef = C4BC8D3B2BB308B600A0AFC8 /* Source.swift */; };
		C49C5FCC2BC0037200554218 /* Source.swift in Sources */ = {isa = PBXBuildFile; fileRef = C4BC8D3B2BB308B600A0AFC8 /* Source.swift */; };
		C49C5FCD2BC0037200554218 /* Source.swift in Sources */ = {isa = PBXBuildFile; fileRef = C4BC8D3B2BB308B600A0AFC8 /* Source.swift */; };
		C49C5FCF2BC003D600554218 /* LoaderConfiguration.swift in Sources */ = {isa = PBXBuildFile; fileRef = C47BBB592BBE422C009CBE8A /* LoaderConfiguration.swift */; };
		C49C849C2BB437F200571CD4 /* Image+AverageColor.swift in Sources */ = {isa = PBXBuildFile; fileRef = C49C849B2BB437F200571CD4 /* Image+AverageColor.swift */; };
		C49C849E2BB455CE00571CD4 /* View+Extensions.swift in Sources */ = {isa = PBXBuildFile; fileRef = C49C849D2BB455CE00571CD4 /* View+Extensions.swift */; };
		C4A65E552BB76E0D002E3F39 /* SoundManager.swift in Sources */ = {isa = PBXBuildFile; fileRef = C4A65E542BB76E0D002E3F39 /* SoundManager.swift */; };
		C4A65E672BB78B90002E3F39 /* starwars_refresh.mp3 in Resources */ = {isa = PBXBuildFile; fileRef = C4A65E612BB76F47002E3F39 /* starwars_refresh.mp3 */; };
		C4A65E682BB78B90002E3F39 /* starwars_refresh2.mp3 in Resources */ = {isa = PBXBuildFile; fileRef = C4A65E652BB76F47002E3F39 /* starwars_refresh2.mp3 */; };
		C4A65E772BB8A0A1002E3F39 /* starwars_error.mp3 in Resources */ = {isa = PBXBuildFile; fileRef = C4A65E742BB8A059002E3F39 /* starwars_error.mp3 */; };
		C4A65E792BB8A1CC002E3F39 /* starwars_notification.mp3 in Resources */ = {isa = PBXBuildFile; fileRef = C4A65E782BB8A1CC002E3F39 /* starwars_notification.mp3 */; };
		C4A65E7B2BB8A1F2002E3F39 /* starwars_refresh1.mp3 in Resources */ = {isa = PBXBuildFile; fileRef = C4A65E7A2BB8A1F2002E3F39 /* starwars_refresh1.mp3 */; };
		C4A65E7D2BB8A202002E3F39 /* starwars_loaded.mp3 in Resources */ = {isa = PBXBuildFile; fileRef = C4A65E7C2BB8A202002E3F39 /* starwars_loaded.mp3 */; };
		C4A65E882BB8A970002E3F39 /* cats_error.mp3 in Resources */ = {isa = PBXBuildFile; fileRef = C4A65E872BB8A970002E3F39 /* cats_error.mp3 */; };
		C4A65E8A2BB8A979002E3F39 /* cats_loaded.mp3 in Resources */ = {isa = PBXBuildFile; fileRef = C4A65E892BB8A979002E3F39 /* cats_loaded.mp3 */; };
		C4A65E8C2BB8A97E002E3F39 /* cats_notification.mp3 in Resources */ = {isa = PBXBuildFile; fileRef = C4A65E8B2BB8A97E002E3F39 /* cats_notification.mp3 */; };
		C4A65E8E2BB8A984002E3F39 /* cats_refresh.mp3 in Resources */ = {isa = PBXBuildFile; fileRef = C4A65E8D2BB8A984002E3F39 /* cats_refresh.mp3 */; };
		C4AA48DF2BC5827F00D45D3F /* ViewModel.swift in Sources */ = {isa = PBXBuildFile; fileRef = C4BC8D412BB3167200A0AFC8 /* ViewModel.swift */; };
		C4AA48E02BC585C600D45D3F /* Category.swift in Sources */ = {isa = PBXBuildFile; fileRef = C433F5192BB40C2C0088A7FC /* Category.swift */; };
		C4AA48E22BC5860D00D45D3F /* Date+Extensions.swift in Sources */ = {isa = PBXBuildFile; fileRef = C4AA48E12BC5860D00D45D3F /* Date+Extensions.swift */; };
		C4AA48E32BC5864B00D45D3F /* Date+Extensions.swift in Sources */ = {isa = PBXBuildFile; fileRef = C4AA48E12BC5860D00D45D3F /* Date+Extensions.swift */; };
		C4AA48E42BC5864F00D45D3F /* String+Extensions.swift in Sources */ = {isa = PBXBuildFile; fileRef = C4BC8D4E2BB348C600A0AFC8 /* String+Extensions.swift */; };
		C4AA48E52BC5880600D45D3F /* SettingsModel.swift in Sources */ = {isa = PBXBuildFile; fileRef = C4BC8D0C2BB2FA3900A0AFC8 /* SettingsModel.swift */; };
		C4AA48E82BC597C600D45D3F /* NotificationManager.swift in Sources */ = {isa = PBXBuildFile; fileRef = C4AA48E72BC597C600D45D3F /* NotificationManager.swift */; };
		C4BC8D092BB2FA3900A0AFC8 /* NewsApp.swift in Sources */ = {isa = PBXBuildFile; fileRef = C4BC8D082BB2FA3900A0AFC8 /* NewsApp.swift */; };
		C4BC8D0B2BB2FA3900A0AFC8 /* ContentView.swift in Sources */ = {isa = PBXBuildFile; fileRef = C4BC8D0A2BB2FA3900A0AFC8 /* ContentView.swift */; };
		C4BC8D0D2BB2FA3900A0AFC8 /* SettingsModel.swift in Sources */ = {isa = PBXBuildFile; fileRef = C4BC8D0C2BB2FA3900A0AFC8 /* SettingsModel.swift */; };
		C4BC8D0F2BB2FA3B00A0AFC8 /* Assets.xcassets in Resources */ = {isa = PBXBuildFile; fileRef = C4BC8D0E2BB2FA3B00A0AFC8 /* Assets.xcassets */; };
		C4BC8D122BB2FA3B00A0AFC8 /* Preview Assets.xcassets in Resources */ = {isa = PBXBuildFile; fileRef = C4BC8D112BB2FA3B00A0AFC8 /* Preview Assets.xcassets */; };
		C4BC8D1C2BB2FA3B00A0AFC8 /* NewsTests.swift in Sources */ = {isa = PBXBuildFile; fileRef = C4BC8D1B2BB2FA3B00A0AFC8 /* NewsTests.swift */; };
		C4BC8D262BB2FA3B00A0AFC8 /* NewsUITests.swift in Sources */ = {isa = PBXBuildFile; fileRef = C4BC8D252BB2FA3B00A0AFC8 /* NewsUITests.swift */; };
		C4BC8D282BB2FA3B00A0AFC8 /* NewsUITestsLaunchTests.swift in Sources */ = {isa = PBXBuildFile; fileRef = C4BC8D272BB2FA3B00A0AFC8 /* NewsUITestsLaunchTests.swift */; };
		C4BC8D382BB3089900A0AFC8 /* CommonInfo.swift in Sources */ = {isa = PBXBuildFile; fileRef = C4BC8D372BB3089900A0AFC8 /* CommonInfo.swift */; };
		C4BC8D3A2BB308A500A0AFC8 /* Articles.swift in Sources */ = {isa = PBXBuildFile; fileRef = C4BC8D392BB308A500A0AFC8 /* Articles.swift */; };
		C4BC8D3C2BB308B600A0AFC8 /* Source.swift in Sources */ = {isa = PBXBuildFile; fileRef = C4BC8D3B2BB308B600A0AFC8 /* Source.swift */; };
		C4BC8D3E2BB312BF00A0AFC8 /* SettingsList.swift in Sources */ = {isa = PBXBuildFile; fileRef = C4BC8D3D2BB312BF00A0AFC8 /* SettingsList.swift */; };
		C4BC8D402BB3162D00A0AFC8 /* TopicDetail.swift in Sources */ = {isa = PBXBuildFile; fileRef = C4BC8D3F2BB3162D00A0AFC8 /* TopicDetail.swift */; };
		C4BC8D442BB3180200A0AFC8 /* Mode.swift in Sources */ = {isa = PBXBuildFile; fileRef = C4BC8D432BB3180200A0AFC8 /* Mode.swift */; };
		C4BC8D462BB3181200A0AFC8 /* HttpStatusCodes.swift in Sources */ = {isa = PBXBuildFile; fileRef = C4BC8D452BB3181200A0AFC8 /* HttpStatusCodes.swift */; };
		C4BC8D482BB3186400A0AFC8 /* DeveloperInfo.swift in Sources */ = {isa = PBXBuildFile; fileRef = C4BC8D472BB3186400A0AFC8 /* DeveloperInfo.swift */; };
		C4BC8D4B2BB318B500A0AFC8 /* VibrateManager.swift in Sources */ = {isa = PBXBuildFile; fileRef = C4BC8D4A2BB318B500A0AFC8 /* VibrateManager.swift */; };
		C4BC8D4D2BB3443800A0AFC8 /* Errors.swift in Sources */ = {isa = PBXBuildFile; fileRef = C4BC8D4C2BB3443800A0AFC8 /* Errors.swift */; };
		C4BC8D4F2BB348C600A0AFC8 /* String+Extensions.swift in Sources */ = {isa = PBXBuildFile; fileRef = C4BC8D4E2BB348C600A0AFC8 /* String+Extensions.swift */; };
		C4BC8D512BB34D0E00A0AFC8 /* TopicCell.swift in Sources */ = {isa = PBXBuildFile; fileRef = C4BC8D502BB34D0E00A0AFC8 /* TopicCell.swift */; };
		C4BC8D532BB35C9900A0AFC8 /* ErrorView.swift in Sources */ = {isa = PBXBuildFile; fileRef = C4BC8D522BB35C9900A0AFC8 /* ErrorView.swift */; };
		C4BC8D552BB35CC300A0AFC8 /* Aliases.swift in Sources */ = {isa = PBXBuildFile; fileRef = C4BC8D542BB35CC300A0AFC8 /* Aliases.swift */; };
		C4BC8D572BB35EB200A0AFC8 /* CGFloat+Extensions.swift in Sources */ = {isa = PBXBuildFile; fileRef = C4BC8D562BB35EB200A0AFC8 /* CGFloat+Extensions.swift */; };
		C4BC8D592BB35FEE00A0AFC8 /* CustomButton.swift in Sources */ = {isa = PBXBuildFile; fileRef = C4BC8D582BB35FEE00A0AFC8 /* CustomButton.swift */; };
		C4F676E32BB570F5002F3BCE /* SoundTheme.swift in Sources */ = {isa = PBXBuildFile; fileRef = C4F676E22BB570F5002F3BCE /* SoundTheme.swift */; };
		C4F676EA2BB590EA002F3BCE /* ImageProvider.swift in Sources */ = {isa = PBXBuildFile; fileRef = C4F676E92BB590EA002F3BCE /* ImageProvider.swift */; };
		C4F676EC2BB5A36A002F3BCE /* ViewModel+Loading.swift in Sources */ = {isa = PBXBuildFile; fileRef = C4F676EB2BB5A36A002F3BCE /* ViewModel+Loading.swift */; };
		C4F676EE2BB5A3B2002F3BCE /* ViewModel+Settings.swift in Sources */ = {isa = PBXBuildFile; fileRef = C4F676ED2BB5A3B2002F3BCE /* ViewModel+Settings.swift */; };
/* End PBXBuildFile section */

/* Begin PBXContainerItemProxy section */
		C49C5FBE2BBF576600554218 /* PBXContainerItemProxy */ = {
			isa = PBXContainerItemProxy;
			containerPortal = C4BC8CFD2BB2FA3900A0AFC8 /* Project object */;
			proxyType = 1;
			remoteGlobalIDString = C49C5FAB2BBF576400554218;
			remoteInfo = NewsWidgetsExtension;
		};
		C4BC8D182BB2FA3B00A0AFC8 /* PBXContainerItemProxy */ = {
			isa = PBXContainerItemProxy;
			containerPortal = C4BC8CFD2BB2FA3900A0AFC8 /* Project object */;
			proxyType = 1;
			remoteGlobalIDString = C4BC8D042BB2FA3900A0AFC8;
			remoteInfo = News;
		};
		C4BC8D222BB2FA3B00A0AFC8 /* PBXContainerItemProxy */ = {
			isa = PBXContainerItemProxy;
			containerPortal = C4BC8CFD2BB2FA3900A0AFC8 /* Project object */;
			proxyType = 1;
			remoteGlobalIDString = C4BC8D042BB2FA3900A0AFC8;
			remoteInfo = News;
		};
/* End PBXContainerItemProxy section */

/* Begin PBXCopyFilesBuildPhase section */
		C49C5FC02BBF576600554218 /* Embed Foundation Extensions */ = {
			isa = PBXCopyFilesBuildPhase;
			buildActionMask = 2147483647;
			dstPath = "";
			dstSubfolderSpec = 13;
			files = (
				C49C5FC12BBF576600554218 /* NewsWidgetsExtension.appex in Embed Foundation Extensions */,
			);
			name = "Embed Foundation Extensions";
			runOnlyForDeploymentPostprocessing = 0;
		};
/* End PBXCopyFilesBuildPhase section */

/* Begin PBXFileReference section */
		C40AEBEF2BBDD94500CA7DA2 /* ReturnCell.swift */ = {isa = PBXFileReference; lastKnownFileType = sourcecode.swift; path = ReturnCell.swift; sourceTree = "<group>"; };
		C40AEBF12BBDDEF300CA7DA2 /* button.json */ = {isa = PBXFileReference; fileEncoding = 4; lastKnownFileType = text.json; path = button.json; sourceTree = "<group>"; };
		C41586FF2BC67D4B00C6BD2C /* ShareButton.swift */ = {isa = PBXFileReference; lastKnownFileType = sourcecode.swift; path = ShareButton.swift; sourceTree = "<group>"; };
		C41587042BC67E1F00C6BD2C /* OpenLinkButton.swift */ = {isa = PBXFileReference; lastKnownFileType = sourcecode.swift; path = OpenLinkButton.swift; sourceTree = "<group>"; };
		C41587062BC67F1200C6BD2C /* ButtonMetaData.swift */ = {isa = PBXFileReference; lastKnownFileType = sourcecode.swift; path = ButtonMetaData.swift; sourceTree = "<group>"; };
		C415870E2BC6DC2C00C6BD2C /* NotificationName+Extensions.swift */ = {isa = PBXFileReference; lastKnownFileType = sourcecode.swift; path = "NotificationName+Extensions.swift"; sourceTree = "<group>"; };
		C41F1E572BC75828006C6E90 /* ShortcutItem.swift */ = {isa = PBXFileReference; lastKnownFileType = sourcecode.swift; path = ShortcutItem.swift; sourceTree = "<group>"; };
		C41F1E592BC759D3006C6E90 /* ViewModel+ShortcutItems.swift */ = {isa = PBXFileReference; lastKnownFileType = sourcecode.swift; path = "ViewModel+ShortcutItems.swift"; sourceTree = "<group>"; };
		C41F1E5B2BC75C38006C6E90 /* Delegates.swift */ = {isa = PBXFileReference; lastKnownFileType = sourcecode.swift; path = Delegates.swift; sourceTree = "<group>"; };
		C429E6DA2BB9A5750045AAA5 /* ViewModel+Sound.swift */ = {isa = PBXFileReference; lastKnownFileType = sourcecode.swift; path = "ViewModel+Sound.swift"; sourceTree = "<group>"; };
		C4311A502BB6FE3E00DE9194 /* SettingsCell.swift */ = {isa = PBXFileReference; lastKnownFileType = sourcecode.swift; path = SettingsCell.swift; sourceTree = "<group>"; };
		C4311A522BB700B800DE9194 /* TopicsList.swift */ = {isa = PBXFileReference; lastKnownFileType = sourcecode.swift; path = TopicsList.swift; sourceTree = "<group>"; };
		C4311A582BB708A500DE9194 /* CheckMark.swift */ = {isa = PBXFileReference; lastKnownFileType = sourcecode.swift; path = CheckMark.swift; sourceTree = "<group>"; };
		C433F5192BB40C2C0088A7FC /* Category.swift */ = {isa = PBXFileReference; lastKnownFileType = sourcecode.swift; path = Category.swift; sourceTree = "<group>"; };
		C445A9D82BC8CA1D00157A1A /* cat.json */ = {isa = PBXFileReference; fileEncoding = 4; lastKnownFileType = text.json; path = cat.json; sourceTree = "<group>"; };
		C44795EF2BC81D42005F7431 /* SettingsTip.swift */ = {isa = PBXFileReference; lastKnownFileType = sourcecode.swift; path = SettingsTip.swift; sourceTree = "<group>"; };
		C44CFCAF2BBAA5EF00CCAC97 /* ViewModel+Haptics.swift */ = {isa = PBXFileReference; lastKnownFileType = sourcecode.swift; path = "ViewModel+Haptics.swift"; sourceTree = "<group>"; };
		C44CFCB12BBC3F8200CCAC97 /* AdditionalInfo.swift */ = {isa = PBXFileReference; lastKnownFileType = sourcecode.swift; path = AdditionalInfo.swift; sourceTree = "<group>"; };
		C44CFCB72BBC56B700CCAC97 /* InfoCell.swift */ = {isa = PBXFileReference; lastKnownFileType = sourcecode.swift; path = InfoCell.swift; sourceTree = "<group>"; };
		C44CFCB92BBC57D900CCAC97 /* LinkCell.swift */ = {isa = PBXFileReference; lastKnownFileType = sourcecode.swift; path = LinkCell.swift; sourceTree = "<group>"; };
		C44CFCBB2BBC65E000CCAC97 /* Info.plist */ = {isa = PBXFileReference; lastKnownFileType = text.plist; path = Info.plist; sourceTree = "<group>"; };
		C451169F2BB965300003250E /* Loader.swift */ = {isa = PBXFileReference; lastKnownFileType = sourcecode.swift; path = Loader.swift; sourceTree = "<group>"; };
		C45116A52BB9690B0003250E /* hourglass.json */ = {isa = PBXFileReference; fileEncoding = 4; lastKnownFileType = text.json; path = hourglass.json; sourceTree = "<group>"; };
		C45734AC2BBCFDD4005CA143 /* ActivityVcWrapper.swift */ = {isa = PBXFileReference; lastKnownFileType = sourcecode.swift; path = ActivityVcWrapper.swift; sourceTree = "<group>"; };
		C475AEA12BCD6C1300189AA4 /* WebView.swift */ = {isa = PBXFileReference; lastKnownFileType = sourcecode.swift; path = WebView.swift; sourceTree = "<group>"; };
		C475AEA32BCD6D4B00189AA4 /* OpenWebViewButton.swift */ = {isa = PBXFileReference; lastKnownFileType = sourcecode.swift; path = OpenWebViewButton.swift; sourceTree = "<group>"; };
		C478DEAE2BC5DFC600C089D7 /* ViewModel+Notifications.swift */ = {isa = PBXFileReference; lastKnownFileType = sourcecode.swift; path = "ViewModel+Notifications.swift"; sourceTree = "<group>"; };
		C478DEB02BC5E00F00C089D7 /* ViewModel+CheckIsRead.swift */ = {isa = PBXFileReference; lastKnownFileType = sourcecode.swift; path = "ViewModel+CheckIsRead.swift"; sourceTree = "<group>"; };
		C47BBB592BBE422C009CBE8A /* LoaderConfiguration.swift */ = {isa = PBXFileReference; lastKnownFileType = sourcecode.swift; path = LoaderConfiguration.swift; sourceTree = "<group>"; };
		C47BBB5B2BBE4302009CBE8A /* rocket.json */ = {isa = PBXFileReference; fileEncoding = 4; lastKnownFileType = text.json; path = rocket.json; sourceTree = "<group>"; };
		C47BBB5D2BBE4E92009CBE8A /* LoaderSettingsCell.swift */ = {isa = PBXFileReference; lastKnownFileType = sourcecode.swift; path = LoaderSettingsCell.swift; sourceTree = "<group>"; };
		C47BBB5F2BBECE15009CBE8A /* hamster.json */ = {isa = PBXFileReference; fileEncoding = 4; lastKnownFileType = text.json; path = hamster.json; sourceTree = "<group>"; };
		C47BBB602BBECE15009CBE8A /* astronaut.json */ = {isa = PBXFileReference; fileEncoding = 4; lastKnownFileType = text.json; path = astronaut.json; sourceTree = "<group>"; };
		C48733AB2BC9F93E00309537 /* error.json */ = {isa = PBXFileReference; fileEncoding = 4; lastKnownFileType = text.json; path = error.json; sourceTree = "<group>"; };
		C490ED642BC6027C00AE977C /* Constants.swift */ = {isa = PBXFileReference; lastKnownFileType = sourcecode.swift; path = Constants.swift; sourceTree = "<group>"; };
		C49C5FAC2BBF576400554218 /* NewsWidgetsExtension.appex */ = {isa = PBXFileReference; explicitFileType = "wrapper.app-extension"; includeInIndex = 0; path = NewsWidgetsExtension.appex; sourceTree = BUILT_PRODUCTS_DIR; };
		C49C5FAE2BBF576400554218 /* WidgetKit.framework */ = {isa = PBXFileReference; lastKnownFileType = wrapper.framework; name = WidgetKit.framework; path = System/Library/Frameworks/WidgetKit.framework; sourceTree = SDKROOT; };
		C49C5FB02BBF576400554218 /* SwiftUI.framework */ = {isa = PBXFileReference; lastKnownFileType = wrapper.framework; name = SwiftUI.framework; path = System/Library/Frameworks/SwiftUI.framework; sourceTree = SDKROOT; };
		C49C5FB32BBF576400554218 /* NewsWidgetsBundle.swift */ = {isa = PBXFileReference; lastKnownFileType = sourcecode.swift; path = NewsWidgetsBundle.swift; sourceTree = "<group>"; };
		C49C5FB52BBF576400554218 /* NewsWidgetsLiveActivity.swift */ = {isa = PBXFileReference; lastKnownFileType = sourcecode.swift; path = NewsWidgetsLiveActivity.swift; sourceTree = "<group>"; };
		C49C5FB72BBF576400554218 /* NewsWidgets.swift */ = {isa = PBXFileReference; lastKnownFileType = sourcecode.swift; path = NewsWidgets.swift; sourceTree = "<group>"; };
		C49C5FB92BBF576400554218 /* AppIntent.swift */ = {isa = PBXFileReference; lastKnownFileType = sourcecode.swift; path = AppIntent.swift; sourceTree = "<group>"; };
		C49C5FBB2BBF576600554218 /* Assets.xcassets */ = {isa = PBXFileReference; lastKnownFileType = folder.assetcatalog; path = Assets.xcassets; sourceTree = "<group>"; };
		C49C5FBD2BBF576600554218 /* Info.plist */ = {isa = PBXFileReference; lastKnownFileType = text.plist.xml; path = Info.plist; sourceTree = "<group>"; };
		C49C849B2BB437F200571CD4 /* Image+AverageColor.swift */ = {isa = PBXFileReference; lastKnownFileType = sourcecode.swift; path = "Image+AverageColor.swift"; sourceTree = "<group>"; };
		C49C849D2BB455CE00571CD4 /* View+Extensions.swift */ = {isa = PBXFileReference; lastKnownFileType = sourcecode.swift; path = "View+Extensions.swift"; sourceTree = "<group>"; };
		C4A65E542BB76E0D002E3F39 /* SoundManager.swift */ = {isa = PBXFileReference; lastKnownFileType = sourcecode.swift; path = SoundManager.swift; sourceTree = "<group>"; };
		C4A65E612BB76F47002E3F39 /* starwars_refresh.mp3 */ = {isa = PBXFileReference; lastKnownFileType = audio.mp3; path = starwars_refresh.mp3; sourceTree = "<group>"; };
		C4A65E652BB76F47002E3F39 /* starwars_refresh2.mp3 */ = {isa = PBXFileReference; lastKnownFileType = audio.mp3; path = starwars_refresh2.mp3; sourceTree = "<group>"; };
		C4A65E742BB8A059002E3F39 /* starwars_error.mp3 */ = {isa = PBXFileReference; lastKnownFileType = audio.mp3; path = starwars_error.mp3; sourceTree = "<group>"; };
		C4A65E782BB8A1CC002E3F39 /* starwars_notification.mp3 */ = {isa = PBXFileReference; lastKnownFileType = audio.mp3; path = starwars_notification.mp3; sourceTree = "<group>"; };
		C4A65E7A2BB8A1F2002E3F39 /* starwars_refresh1.mp3 */ = {isa = PBXFileReference; lastKnownFileType = audio.mp3; path = starwars_refresh1.mp3; sourceTree = "<group>"; };
		C4A65E7C2BB8A202002E3F39 /* starwars_loaded.mp3 */ = {isa = PBXFileReference; lastKnownFileType = audio.mp3; path = starwars_loaded.mp3; sourceTree = "<group>"; };
		C4A65E872BB8A970002E3F39 /* cats_error.mp3 */ = {isa = PBXFileReference; lastKnownFileType = audio.mp3; path = cats_error.mp3; sourceTree = "<group>"; };
		C4A65E892BB8A979002E3F39 /* cats_loaded.mp3 */ = {isa = PBXFileReference; lastKnownFileType = audio.mp3; path = cats_loaded.mp3; sourceTree = "<group>"; };
		C4A65E8B2BB8A97E002E3F39 /* cats_notification.mp3 */ = {isa = PBXFileReference; lastKnownFileType = audio.mp3; path = cats_notification.mp3; sourceTree = "<group>"; };
		C4A65E8D2BB8A984002E3F39 /* cats_refresh.mp3 */ = {isa = PBXFileReference; lastKnownFileType = audio.mp3; path = cats_refresh.mp3; sourceTree = "<group>"; };
		C4AA48E12BC5860D00D45D3F /* Date+Extensions.swift */ = {isa = PBXFileReference; lastKnownFileType = sourcecode.swift; path = "Date+Extensions.swift"; sourceTree = "<group>"; };
		C4AA48E62BC5885500D45D3F /* NewsWidgetsExtension.entitlements */ = {isa = PBXFileReference; lastKnownFileType = text.plist.entitlements; path = NewsWidgetsExtension.entitlements; sourceTree = "<group>"; };
		C4AA48E72BC597C600D45D3F /* NotificationManager.swift */ = {isa = PBXFileReference; lastKnownFileType = sourcecode.swift; path = NotificationManager.swift; sourceTree = "<group>"; };
		C4BC8D052BB2FA3900A0AFC8 /* News.app */ = {isa = PBXFileReference; explicitFileType = wrapper.application; includeInIndex = 0; path = News.app; sourceTree = BUILT_PRODUCTS_DIR; };
		C4BC8D082BB2FA3900A0AFC8 /* NewsApp.swift */ = {isa = PBXFileReference; lastKnownFileType = sourcecode.swift; path = NewsApp.swift; sourceTree = "<group>"; };
		C4BC8D0A2BB2FA3900A0AFC8 /* ContentView.swift */ = {isa = PBXFileReference; lastKnownFileType = sourcecode.swift; path = ContentView.swift; sourceTree = "<group>"; };
		C4BC8D0C2BB2FA3900A0AFC8 /* SettingsModel.swift */ = {isa = PBXFileReference; lastKnownFileType = sourcecode.swift; path = SettingsModel.swift; sourceTree = "<group>"; };
		C4BC8D0E2BB2FA3B00A0AFC8 /* Assets.xcassets */ = {isa = PBXFileReference; lastKnownFileType = folder.assetcatalog; path = Assets.xcassets; sourceTree = "<group>"; };
		C4BC8D112BB2FA3B00A0AFC8 /* Preview Assets.xcassets */ = {isa = PBXFileReference; lastKnownFileType = folder.assetcatalog; path = "Preview Assets.xcassets"; sourceTree = "<group>"; };
		C4BC8D172BB2FA3B00A0AFC8 /* NewsTests.xctest */ = {isa = PBXFileReference; explicitFileType = wrapper.cfbundle; includeInIndex = 0; path = NewsTests.xctest; sourceTree = BUILT_PRODUCTS_DIR; };
		C4BC8D1B2BB2FA3B00A0AFC8 /* NewsTests.swift */ = {isa = PBXFileReference; lastKnownFileType = sourcecode.swift; path = NewsTests.swift; sourceTree = "<group>"; };
		C4BC8D212BB2FA3B00A0AFC8 /* NewsUITests.xctest */ = {isa = PBXFileReference; explicitFileType = wrapper.cfbundle; includeInIndex = 0; path = NewsUITests.xctest; sourceTree = BUILT_PRODUCTS_DIR; };
		C4BC8D252BB2FA3B00A0AFC8 /* NewsUITests.swift */ = {isa = PBXFileReference; lastKnownFileType = sourcecode.swift; path = NewsUITests.swift; sourceTree = "<group>"; };
		C4BC8D272BB2FA3B00A0AFC8 /* NewsUITestsLaunchTests.swift */ = {isa = PBXFileReference; lastKnownFileType = sourcecode.swift; path = NewsUITestsLaunchTests.swift; sourceTree = "<group>"; };
		C4BC8D372BB3089900A0AFC8 /* CommonInfo.swift */ = {isa = PBXFileReference; lastKnownFileType = sourcecode.swift; path = CommonInfo.swift; sourceTree = "<group>"; };
		C4BC8D392BB308A500A0AFC8 /* Articles.swift */ = {isa = PBXFileReference; lastKnownFileType = sourcecode.swift; path = Articles.swift; sourceTree = "<group>"; };
		C4BC8D3B2BB308B600A0AFC8 /* Source.swift */ = {isa = PBXFileReference; lastKnownFileType = sourcecode.swift; path = Source.swift; sourceTree = "<group>"; };
		C4BC8D3D2BB312BF00A0AFC8 /* SettingsList.swift */ = {isa = PBXFileReference; lastKnownFileType = sourcecode.swift; path = SettingsList.swift; sourceTree = "<group>"; };
		C4BC8D3F2BB3162D00A0AFC8 /* TopicDetail.swift */ = {isa = PBXFileReference; lastKnownFileType = sourcecode.swift; path = TopicDetail.swift; sourceTree = "<group>"; };
		C4BC8D412BB3167200A0AFC8 /* ViewModel.swift */ = {isa = PBXFileReference; lastKnownFileType = sourcecode.swift; path = ViewModel.swift; sourceTree = "<group>"; };
		C4BC8D432BB3180200A0AFC8 /* Mode.swift */ = {isa = PBXFileReference; lastKnownFileType = sourcecode.swift; path = Mode.swift; sourceTree = "<group>"; };
		C4BC8D452BB3181200A0AFC8 /* HttpStatusCodes.swift */ = {isa = PBXFileReference; lastKnownFileType = sourcecode.swift; path = HttpStatusCodes.swift; sourceTree = "<group>"; };
		C4BC8D472BB3186400A0AFC8 /* DeveloperInfo.swift */ = {isa = PBXFileReference; lastKnownFileType = sourcecode.swift; path = DeveloperInfo.swift; sourceTree = "<group>"; };
		C4BC8D4A2BB318B500A0AFC8 /* VibrateManager.swift */ = {isa = PBXFileReference; lastKnownFileType = sourcecode.swift; path = VibrateManager.swift; sourceTree = "<group>"; };
		C4BC8D4C2BB3443800A0AFC8 /* Errors.swift */ = {isa = PBXFileReference; lastKnownFileType = sourcecode.swift; path = Errors.swift; sourceTree = "<group>"; };
		C4BC8D4E2BB348C600A0AFC8 /* String+Extensions.swift */ = {isa = PBXFileReference; lastKnownFileType = sourcecode.swift; path = "String+Extensions.swift"; sourceTree = "<group>"; };
		C4BC8D502BB34D0E00A0AFC8 /* TopicCell.swift */ = {isa = PBXFileReference; lastKnownFileType = sourcecode.swift; path = TopicCell.swift; sourceTree = "<group>"; };
		C4BC8D522BB35C9900A0AFC8 /* ErrorView.swift */ = {isa = PBXFileReference; lastKnownFileType = sourcecode.swift; path = ErrorView.swift; sourceTree = "<group>"; };
		C4BC8D542BB35CC300A0AFC8 /* Aliases.swift */ = {isa = PBXFileReference; lastKnownFileType = sourcecode.swift; path = Aliases.swift; sourceTree = "<group>"; };
		C4BC8D562BB35EB200A0AFC8 /* CGFloat+Extensions.swift */ = {isa = PBXFileReference; lastKnownFileType = sourcecode.swift; path = "CGFloat+Extensions.swift"; sourceTree = "<group>"; };
		C4BC8D582BB35FEE00A0AFC8 /* CustomButton.swift */ = {isa = PBXFileReference; lastKnownFileType = sourcecode.swift; path = CustomButton.swift; sourceTree = "<group>"; };
		C4F676E22BB570F5002F3BCE /* SoundTheme.swift */ = {isa = PBXFileReference; lastKnownFileType = sourcecode.swift; path = SoundTheme.swift; sourceTree = "<group>"; };
		C4F676E92BB590EA002F3BCE /* ImageProvider.swift */ = {isa = PBXFileReference; lastKnownFileType = sourcecode.swift; path = ImageProvider.swift; sourceTree = "<group>"; };
		C4F676EB2BB5A36A002F3BCE /* ViewModel+Loading.swift */ = {isa = PBXFileReference; lastKnownFileType = sourcecode.swift; path = "ViewModel+Loading.swift"; sourceTree = "<group>"; };
		C4F676ED2BB5A3B2002F3BCE /* ViewModel+Settings.swift */ = {isa = PBXFileReference; lastKnownFileType = sourcecode.swift; path = "ViewModel+Settings.swift"; sourceTree = "<group>"; };
/* End PBXFileReference section */

/* Begin PBXFrameworksBuildPhase section */
		C49C5FA92BBF576400554218 /* Frameworks */ = {
			isa = PBXFrameworksBuildPhase;
			buildActionMask = 2147483647;
			files = (
				C49C5FB12BBF576400554218 /* SwiftUI.framework in Frameworks */,
				C49C5FAF2BBF576400554218 /* WidgetKit.framework in Frameworks */,
			);
			runOnlyForDeploymentPostprocessing = 0;
		};
		C4BC8D022BB2FA3900A0AFC8 /* Frameworks */ = {
			isa = PBXFrameworksBuildPhase;
			buildActionMask = 2147483647;
			files = (
				C451169E2BB965010003250E /* Lottie in Frameworks */,
			);
			runOnlyForDeploymentPostprocessing = 0;
		};
		C4BC8D142BB2FA3B00A0AFC8 /* Frameworks */ = {
			isa = PBXFrameworksBuildPhase;
			buildActionMask = 2147483647;
			files = (
			);
			runOnlyForDeploymentPostprocessing = 0;
		};
		C4BC8D1E2BB2FA3B00A0AFC8 /* Frameworks */ = {
			isa = PBXFrameworksBuildPhase;
			buildActionMask = 2147483647;
			files = (
			);
			runOnlyForDeploymentPostprocessing = 0;
		};
/* End PBXFrameworksBuildPhase section */

/* Begin PBXGroup section */
		C41587012BC67DDA00C6BD2C /* Cells */ = {
			isa = PBXGroup;
			children = (
				C44CFCB72BBC56B700CCAC97 /* InfoCell.swift */,
				C44CFCB92BBC57D900CCAC97 /* LinkCell.swift */,
			);
			path = Cells;
			sourceTree = "<group>";
		};
		C41587022BC67DE500C6BD2C /* Views */ = {
			isa = PBXGroup;
			children = (
				C475AEA12BCD6C1300189AA4 /* WebView.swift */,
				C4BC8D522BB35C9900A0AFC8 /* ErrorView.swift */,
				C4311A582BB708A500DE9194 /* CheckMark.swift */,
				C451169F2BB965300003250E /* Loader.swift */,
				C41587032BC67DED00C6BD2C /* Buttons */,
			);
			path = Views;
			sourceTree = "<group>";
		};
		C41587032BC67DED00C6BD2C /* Buttons */ = {
			isa = PBXGroup;
			children = (
				C4BC8D582BB35FEE00A0AFC8 /* CustomButton.swift */,
				C41586FF2BC67D4B00C6BD2C /* ShareButton.swift */,
				C41587042BC67E1F00C6BD2C /* OpenLinkButton.swift */,
				C475AEA32BCD6D4B00189AA4 /* OpenWebViewButton.swift */,
			);
			path = Buttons;
			sourceTree = "<group>";
		};
		C4311A542BB707E000DE9194 /* DTOs */ = {
			isa = PBXGroup;
			children = (
				C4BC8D372BB3089900A0AFC8 /* CommonInfo.swift */,
				C4BC8D392BB308A500A0AFC8 /* Articles.swift */,
				C4BC8D3B2BB308B600A0AFC8 /* Source.swift */,
			);
			path = DTOs;
			sourceTree = "<group>";
		};
		C4311A552BB7080F00DE9194 /* Topics */ = {
			isa = PBXGroup;
			children = (
				C4311A522BB700B800DE9194 /* TopicsList.swift */,
				C4BC8D502BB34D0E00A0AFC8 /* TopicCell.swift */,
				C4BC8D3F2BB3162D00A0AFC8 /* TopicDetail.swift */,
				C40AEBEF2BBDD94500CA7DA2 /* ReturnCell.swift */,
			);
			path = Topics;
			sourceTree = "<group>";
		};
		C4311A562BB7081900DE9194 /* Settings */ = {
			isa = PBXGroup;
			children = (
				C4BC8D3D2BB312BF00A0AFC8 /* SettingsList.swift */,
				C4311A502BB6FE3E00DE9194 /* SettingsCell.swift */,
				C47BBB5D2BBE4E92009CBE8A /* LoaderSettingsCell.swift */,
				C44795EF2BC81D42005F7431 /* SettingsTip.swift */,
			);
			path = Settings;
			sourceTree = "<group>";
		};
		C4311A572BB7088500DE9194 /* Common */ = {
			isa = PBXGroup;
			children = (
				C41587012BC67DDA00C6BD2C /* Cells */,
				C41587022BC67DE500C6BD2C /* Views */,
				C47BBB582BBE3EE6009CBE8A /* LottieJsons */,
			);
			path = Common;
			sourceTree = "<group>";
		};
		C45734AE2BBCFDD8005CA143 /* Wrappers */ = {
			isa = PBXGroup;
			children = (
				C45734AC2BBCFDD4005CA143 /* ActivityVcWrapper.swift */,
			);
			path = Wrappers;
			sourceTree = "<group>";
		};
		C47BBB582BBE3EE6009CBE8A /* LottieJsons */ = {
			isa = PBXGroup;
			children = (
				C48733AB2BC9F93E00309537 /* error.json */,
				C40AEBF12BBDDEF300CA7DA2 /* button.json */,
				C45116A52BB9690B0003250E /* hourglass.json */,
				C47BBB5B2BBE4302009CBE8A /* rocket.json */,
				C47BBB602BBECE15009CBE8A /* astronaut.json */,
				C47BBB5F2BBECE15009CBE8A /* hamster.json */,
				C445A9D82BC8CA1D00157A1A /* cat.json */,
			);
			path = LottieJsons;
			sourceTree = "<group>";
		};
		C49C5FAD2BBF576400554218 /* Frameworks */ = {
			isa = PBXGroup;
			children = (
				C49C5FAE2BBF576400554218 /* WidgetKit.framework */,
				C49C5FB02BBF576400554218 /* SwiftUI.framework */,
			);
			name = Frameworks;
			sourceTree = "<group>";
		};
		C49C5FB22BBF576400554218 /* NewsWidgets */ = {
			isa = PBXGroup;
			children = (
				C49C5FB32BBF576400554218 /* NewsWidgetsBundle.swift */,
				C49C5FB52BBF576400554218 /* NewsWidgetsLiveActivity.swift */,
				C49C5FB72BBF576400554218 /* NewsWidgets.swift */,
				C49C5FB92BBF576400554218 /* AppIntent.swift */,
				C49C5FBB2BBF576600554218 /* Assets.xcassets */,
				C49C5FBD2BBF576600554218 /* Info.plist */,
			);
			path = NewsWidgets;
			sourceTree = "<group>";
		};
		C4A65E602BB76F47002E3F39 /* Sounds */ = {
			isa = PBXGroup;
			children = (
				C4A65E822BB8A93E002E3F39 /* Cats */,
				C4A65E6B2BB89FA8002E3F39 /* StarWars */,
			);
			path = Sounds;
			sourceTree = "<group>";
		};
		C4A65E6B2BB89FA8002E3F39 /* StarWars */ = {
			isa = PBXGroup;
			children = (
				C4A65E6F2BB8A000002E3F39 /* Notification */,
				C4A65E6E2BB89FE6002E3F39 /* Loaded */,
				C4A65E6D2BB89FC5002E3F39 /* Error */,
				C4A65E6C2BB89FB3002E3F39 /* Refresh */,
			);
			path = StarWars;
			sourceTree = "<group>";
		};
		C4A65E6C2BB89FB3002E3F39 /* Refresh */ = {
			isa = PBXGroup;
			children = (
				C4A65E612BB76F47002E3F39 /* starwars_refresh.mp3 */,
				C4A65E7A2BB8A1F2002E3F39 /* starwars_refresh1.mp3 */,
				C4A65E652BB76F47002E3F39 /* starwars_refresh2.mp3 */,
			);
			path = Refresh;
			sourceTree = "<group>";
		};
		C4A65E6D2BB89FC5002E3F39 /* Error */ = {
			isa = PBXGroup;
			children = (
				C4A65E742BB8A059002E3F39 /* starwars_error.mp3 */,
			);
			path = Error;
			sourceTree = "<group>";
		};
		C4A65E6E2BB89FE6002E3F39 /* Loaded */ = {
			isa = PBXGroup;
			children = (
				C4A65E7C2BB8A202002E3F39 /* starwars_loaded.mp3 */,
			);
			name = Loaded;
			path = Refresh;
			sourceTree = "<group>";
		};
		C4A65E6F2BB8A000002E3F39 /* Notification */ = {
			isa = PBXGroup;
			children = (
				C4A65E782BB8A1CC002E3F39 /* starwars_notification.mp3 */,
			);
			path = Notification;
			sourceTree = "<group>";
		};
		C4A65E822BB8A93E002E3F39 /* Cats */ = {
			isa = PBXGroup;
			children = (
				C4A65E862BB8A961002E3F39 /* Refresh */,
				C4A65E852BB8A95D002E3F39 /* Error */,
				C4A65E842BB8A957002E3F39 /* Loaded */,
				C4A65E832BB8A950002E3F39 /* Notification */,
			);
			path = Cats;
			sourceTree = "<group>";
		};
		C4A65E832BB8A950002E3F39 /* Notification */ = {
			isa = PBXGroup;
			children = (
				C4A65E8B2BB8A97E002E3F39 /* cats_notification.mp3 */,
			);
			path = Notification;
			sourceTree = "<group>";
		};
		C4A65E842BB8A957002E3F39 /* Loaded */ = {
			isa = PBXGroup;
			children = (
				C4A65E892BB8A979002E3F39 /* cats_loaded.mp3 */,
			);
			path = Loaded;
			sourceTree = "<group>";
		};
		C4A65E852BB8A95D002E3F39 /* Error */ = {
			isa = PBXGroup;
			children = (
				C4A65E872BB8A970002E3F39 /* cats_error.mp3 */,
			);
			path = Error;
			sourceTree = "<group>";
		};
		C4A65E862BB8A961002E3F39 /* Refresh */ = {
			isa = PBXGroup;
			children = (
				C4A65E8D2BB8A984002E3F39 /* cats_refresh.mp3 */,
			);
			path = Refresh;
			sourceTree = "<group>";
		};
		C4BC8CFC2BB2FA3900A0AFC8 = {
			isa = PBXGroup;
			children = (
				C4BC8D072BB2FA3900A0AFC8 /* News */,
				C4BC8D1A2BB2FA3B00A0AFC8 /* NewsTests */,
				C4BC8D242BB2FA3B00A0AFC8 /* NewsUITests */,
				C49C5FB22BBF576400554218 /* NewsWidgets */,
				C49C5FAD2BBF576400554218 /* Frameworks */,
				C4AA48E62BC5885500D45D3F /* NewsWidgetsExtension.entitlements */,
				C4BC8D062BB2FA3900A0AFC8 /* Products */,
			);
			sourceTree = "<group>";
		};
		C4BC8D062BB2FA3900A0AFC8 /* Products */ = {
			isa = PBXGroup;
			children = (
				C4BC8D052BB2FA3900A0AFC8 /* News.app */,
				C4BC8D172BB2FA3B00A0AFC8 /* NewsTests.xctest */,
				C4BC8D212BB2FA3B00A0AFC8 /* NewsUITests.xctest */,
				C49C5FAC2BBF576400554218 /* NewsWidgetsExtension.appex */,
			);
			name = Products;
			sourceTree = "<group>";
		};
		C4BC8D072BB2FA3900A0AFC8 /* News */ = {
			isa = PBXGroup;
			children = (
				C44CFCBB2BBC65E000CCAC97 /* Info.plist */,
				C4BC8D492BB318A500A0AFC8 /* Helpers */,
				C4BC8D362BB3079200A0AFC8 /* Model */,
				C4BC8D342BB3074F00A0AFC8 /* View */,
				C4BC8D352BB3075B00A0AFC8 /* ViewModel */,
				C4BC8D102BB2FA3B00A0AFC8 /* Preview Content */,
			);
			path = News;
			sourceTree = "<group>";
		};
		C4BC8D102BB2FA3B00A0AFC8 /* Preview Content */ = {
			isa = PBXGroup;
			children = (
				C4BC8D112BB2FA3B00A0AFC8 /* Preview Assets.xcassets */,
			);
			path = "Preview Content";
			sourceTree = "<group>";
		};
		C4BC8D1A2BB2FA3B00A0AFC8 /* NewsTests */ = {
			isa = PBXGroup;
			children = (
				C4BC8D1B2BB2FA3B00A0AFC8 /* NewsTests.swift */,
			);
			path = NewsTests;
			sourceTree = "<group>";
		};
		C4BC8D242BB2FA3B00A0AFC8 /* NewsUITests */ = {
			isa = PBXGroup;
			children = (
				C4BC8D252BB2FA3B00A0AFC8 /* NewsUITests.swift */,
				C4BC8D272BB2FA3B00A0AFC8 /* NewsUITestsLaunchTests.swift */,
			);
			path = NewsUITests;
			sourceTree = "<group>";
		};
		C4BC8D342BB3074F00A0AFC8 /* View */ = {
			isa = PBXGroup;
			children = (
				C4BC8D0A2BB2FA3900A0AFC8 /* ContentView.swift */,
				C4311A552BB7080F00DE9194 /* Topics */,
				C4311A562BB7081900DE9194 /* Settings */,
				C4311A572BB7088500DE9194 /* Common */,
			);
			path = View;
			sourceTree = "<group>";
		};
		C4BC8D352BB3075B00A0AFC8 /* ViewModel */ = {
			isa = PBXGroup;
			children = (
				C4BC8D412BB3167200A0AFC8 /* ViewModel.swift */,
				C4F676EB2BB5A36A002F3BCE /* ViewModel+Loading.swift */,
				C429E6DA2BB9A5750045AAA5 /* ViewModel+Sound.swift */,
				C44CFCAF2BBAA5EF00CCAC97 /* ViewModel+Haptics.swift */,
				C478DEAE2BC5DFC600C089D7 /* ViewModel+Notifications.swift */,
				C478DEB02BC5E00F00C089D7 /* ViewModel+CheckIsRead.swift */,
				C4F676ED2BB5A3B2002F3BCE /* ViewModel+Settings.swift */,
				C41F1E592BC759D3006C6E90 /* ViewModel+ShortcutItems.swift */,
			);
			path = ViewModel;
			sourceTree = "<group>";
		};
		C4BC8D362BB3079200A0AFC8 /* Model */ = {
			isa = PBXGroup;
			children = (
				C4311A542BB707E000DE9194 /* DTOs */,
				C4BC8D432BB3180200A0AFC8 /* Mode.swift */,
				C4BC8D452BB3181200A0AFC8 /* HttpStatusCodes.swift */,
				C4BC8D472BB3186400A0AFC8 /* DeveloperInfo.swift */,
				C4BC8D4C2BB3443800A0AFC8 /* Errors.swift */,
				C433F5192BB40C2C0088A7FC /* Category.swift */,
				C4F676E22BB570F5002F3BCE /* SoundTheme.swift */,
				C44CFCB12BBC3F8200CCAC97 /* AdditionalInfo.swift */,
				C47BBB592BBE422C009CBE8A /* LoaderConfiguration.swift */,
				C41587062BC67F1200C6BD2C /* ButtonMetaData.swift */,
				C41F1E572BC75828006C6E90 /* ShortcutItem.swift */,
			);
			path = Model;
			sourceTree = "<group>";
		};
		C4BC8D492BB318A500A0AFC8 /* Helpers */ = {
			isa = PBXGroup;
			children = (
				C4A65E602BB76F47002E3F39 /* Sounds */,
				C4F676DF2BB56B7A002F3BCE /* Schema */,
				C4F676E02BB56B90002F3BCE /* Extensions */,
				C4F676E12BB56CAB002F3BCE /* Managers */,
				C4F676E42BB584F3002F3BCE /* Decorators */,
				C45734AE2BBCFDD8005CA143 /* Wrappers */,
				C4BC8D542BB35CC300A0AFC8 /* Aliases.swift */,
				C490ED642BC6027C00AE977C /* Constants.swift */,
				C4BC8D0E2BB2FA3B00A0AFC8 /* Assets.xcassets */,
			);
			path = Helpers;
			sourceTree = "<group>";
		};
		C4F676DF2BB56B7A002F3BCE /* Schema */ = {
			isa = PBXGroup;
			children = (
				C4BC8D082BB2FA3900A0AFC8 /* NewsApp.swift */,
				C4BC8D0C2BB2FA3900A0AFC8 /* SettingsModel.swift */,
				C41F1E5B2BC75C38006C6E90 /* Delegates.swift */,
			);
			path = Schema;
			sourceTree = "<group>";
		};
		C4F676E02BB56B90002F3BCE /* Extensions */ = {
			isa = PBXGroup;
			children = (
				C4BC8D4E2BB348C600A0AFC8 /* String+Extensions.swift */,
				C4BC8D562BB35EB200A0AFC8 /* CGFloat+Extensions.swift */,
				C49C849B2BB437F200571CD4 /* Image+AverageColor.swift */,
				C49C849D2BB455CE00571CD4 /* View+Extensions.swift */,
				C4AA48E12BC5860D00D45D3F /* Date+Extensions.swift */,
				C415870E2BC6DC2C00C6BD2C /* NotificationName+Extensions.swift */,
			);
			path = Extensions;
			sourceTree = "<group>";
		};
		C4F676E12BB56CAB002F3BCE /* Managers */ = {
			isa = PBXGroup;
			children = (
				C4BC8D4A2BB318B500A0AFC8 /* VibrateManager.swift */,
				C4A65E542BB76E0D002E3F39 /* SoundManager.swift */,
				C4AA48E72BC597C600D45D3F /* NotificationManager.swift */,
			);
			path = Managers;
			sourceTree = "<group>";
		};
		C4F676E42BB584F3002F3BCE /* Decorators */ = {
			isa = PBXGroup;
			children = (
				C4F676E92BB590EA002F3BCE /* ImageProvider.swift */,
			);
			path = Decorators;
			sourceTree = "<group>";
		};
/* End PBXGroup section */

/* Begin PBXNativeTarget section */
		C49C5FAB2BBF576400554218 /* NewsWidgetsExtension */ = {
			isa = PBXNativeTarget;
			buildConfigurationList = C49C5FC42BBF576600554218 /* Build configuration list for PBXNativeTarget "NewsWidgetsExtension" */;
			buildPhases = (
				C49C5FA82BBF576400554218 /* Sources */,
				C49C5FA92BBF576400554218 /* Frameworks */,
				C49C5FAA2BBF576400554218 /* Resources */,
			);
			buildRules = (
			);
			dependencies = (
			);
			name = NewsWidgetsExtension;
			productName = NewsWidgetsExtension;
			productReference = C49C5FAC2BBF576400554218 /* NewsWidgetsExtension.appex */;
			productType = "com.apple.product-type.app-extension";
		};
		C4BC8D042BB2FA3900A0AFC8 /* News */ = {
			isa = PBXNativeTarget;
			buildConfigurationList = C4BC8D2B2BB2FA3B00A0AFC8 /* Build configuration list for PBXNativeTarget "News" */;
			buildPhases = (
				C47BBB6A2BBEE73D009CBE8A /* ShellScript */,
				C4BC8D012BB2FA3900A0AFC8 /* Sources */,
				C4BC8D022BB2FA3900A0AFC8 /* Frameworks */,
				C4BC8D032BB2FA3900A0AFC8 /* Resources */,
				C49C5FC02BBF576600554218 /* Embed Foundation Extensions */,
				C478DEAD2BC5DAB500C089D7 /* ShellScript */,
			);
			buildRules = (
			);
			dependencies = (
				C49C5FBF2BBF576600554218 /* PBXTargetDependency */,
			);
			name = News;
			packageProductDependencies = (
				C451169D2BB965010003250E /* Lottie */,
			);
			productName = News;
			productReference = C4BC8D052BB2FA3900A0AFC8 /* News.app */;
			productType = "com.apple.product-type.application";
		};
		C4BC8D162BB2FA3B00A0AFC8 /* NewsTests */ = {
			isa = PBXNativeTarget;
			buildConfigurationList = C4BC8D2E2BB2FA3B00A0AFC8 /* Build configuration list for PBXNativeTarget "NewsTests" */;
			buildPhases = (
				C4BC8D132BB2FA3B00A0AFC8 /* Sources */,
				C4BC8D142BB2FA3B00A0AFC8 /* Frameworks */,
				C4BC8D152BB2FA3B00A0AFC8 /* Resources */,
			);
			buildRules = (
			);
			dependencies = (
				C4BC8D192BB2FA3B00A0AFC8 /* PBXTargetDependency */,
			);
			name = NewsTests;
			productName = NewsTests;
			productReference = C4BC8D172BB2FA3B00A0AFC8 /* NewsTests.xctest */;
			productType = "com.apple.product-type.bundle.unit-test";
		};
		C4BC8D202BB2FA3B00A0AFC8 /* NewsUITests */ = {
			isa = PBXNativeTarget;
			buildConfigurationList = C4BC8D312BB2FA3B00A0AFC8 /* Build configuration list for PBXNativeTarget "NewsUITests" */;
			buildPhases = (
				C4BC8D1D2BB2FA3B00A0AFC8 /* Sources */,
				C4BC8D1E2BB2FA3B00A0AFC8 /* Frameworks */,
				C4BC8D1F2BB2FA3B00A0AFC8 /* Resources */,
			);
			buildRules = (
			);
			dependencies = (
				C4BC8D232BB2FA3B00A0AFC8 /* PBXTargetDependency */,
			);
			name = NewsUITests;
			productName = NewsUITests;
			productReference = C4BC8D212BB2FA3B00A0AFC8 /* NewsUITests.xctest */;
			productType = "com.apple.product-type.bundle.ui-testing";
		};
/* End PBXNativeTarget section */

/* Begin PBXProject section */
		C4BC8CFD2BB2FA3900A0AFC8 /* Project object */ = {
			isa = PBXProject;
			attributes = {
				BuildIndependentTargetsInParallel = 1;
				LastSwiftUpdateCheck = 1520;
				LastUpgradeCheck = 1520;
				TargetAttributes = {
					C49C5FAB2BBF576400554218 = {
						CreatedOnToolsVersion = 15.2;
					};
					C4BC8D042BB2FA3900A0AFC8 = {
						CreatedOnToolsVersion = 15.2;
					};
					C4BC8D162BB2FA3B00A0AFC8 = {
						CreatedOnToolsVersion = 15.2;
						TestTargetID = C4BC8D042BB2FA3900A0AFC8;
					};
					C4BC8D202BB2FA3B00A0AFC8 = {
						CreatedOnToolsVersion = 15.2;
						TestTargetID = C4BC8D042BB2FA3900A0AFC8;
					};
				};
			};
			buildConfigurationList = C4BC8D002BB2FA3900A0AFC8 /* Build configuration list for PBXProject "News" */;
			compatibilityVersion = "Xcode 14.0";
			developmentRegion = en;
			hasScannedForEncodings = 0;
			knownRegions = (
				en,
				Base,
			);
			mainGroup = C4BC8CFC2BB2FA3900A0AFC8;
			packageReferences = (
				C451169C2BB965010003250E /* XCRemoteSwiftPackageReference "lottie-spm" */,
				C47BBB652BBEE6A1009CBE8A /* XCRemoteSwiftPackageReference "SwiftLint" */,
			);
			productRefGroup = C4BC8D062BB2FA3900A0AFC8 /* Products */;
			projectDirPath = "";
			projectRoot = "";
			targets = (
				C4BC8D042BB2FA3900A0AFC8 /* News */,
				C4BC8D162BB2FA3B00A0AFC8 /* NewsTests */,
				C4BC8D202BB2FA3B00A0AFC8 /* NewsUITests */,
				C49C5FAB2BBF576400554218 /* NewsWidgetsExtension */,
			);
		};
/* End PBXProject section */

/* Begin PBXResourcesBuildPhase section */
		C49C5FAA2BBF576400554218 /* Resources */ = {
			isa = PBXResourcesBuildPhase;
			buildActionMask = 2147483647;
			files = (
				C49C5FBC2BBF576600554218 /* Assets.xcassets in Resources */,
			);
			runOnlyForDeploymentPostprocessing = 0;
		};
		C4BC8D032BB2FA3900A0AFC8 /* Resources */ = {
			isa = PBXResourcesBuildPhase;
			buildActionMask = 2147483647;
			files = (
				C48733AC2BC9F93E00309537 /* error.json in Resources */,
				C4A65E8C2BB8A97E002E3F39 /* cats_notification.mp3 in Resources */,
				C4A65E7B2BB8A1F2002E3F39 /* starwars_refresh1.mp3 in Resources */,
				C445A9D92BC8CA1D00157A1A /* cat.json in Resources */,
				C47BBB622BBECE15009CBE8A /* astronaut.json in Resources */,
				C4A65E772BB8A0A1002E3F39 /* starwars_error.mp3 in Resources */,
				C40AEBF32BBDDEF300CA7DA2 /* button.json in Resources */,
				C4A65E8E2BB8A984002E3F39 /* cats_refresh.mp3 in Resources */,
				C4A65E792BB8A1CC002E3F39 /* starwars_notification.mp3 in Resources */,
				C45116A62BB9690B0003250E /* hourglass.json in Resources */,
				C4A65E882BB8A970002E3F39 /* cats_error.mp3 in Resources */,
				C47BBB612BBECE15009CBE8A /* hamster.json in Resources */,
				C47BBB5C2BBE4302009CBE8A /* rocket.json in Resources */,
				C4A65E672BB78B90002E3F39 /* starwars_refresh.mp3 in Resources */,
				C4A65E7D2BB8A202002E3F39 /* starwars_loaded.mp3 in Resources */,
				C4A65E682BB78B90002E3F39 /* starwars_refresh2.mp3 in Resources */,
				C4BC8D122BB2FA3B00A0AFC8 /* Preview Assets.xcassets in Resources */,
				C4A65E8A2BB8A979002E3F39 /* cats_loaded.mp3 in Resources */,
				C4BC8D0F2BB2FA3B00A0AFC8 /* Assets.xcassets in Resources */,
			);
			runOnlyForDeploymentPostprocessing = 0;
		};
		C4BC8D152BB2FA3B00A0AFC8 /* Resources */ = {
			isa = PBXResourcesBuildPhase;
			buildActionMask = 2147483647;
			files = (
			);
			runOnlyForDeploymentPostprocessing = 0;
		};
		C4BC8D1F2BB2FA3B00A0AFC8 /* Resources */ = {
			isa = PBXResourcesBuildPhase;
			buildActionMask = 2147483647;
			files = (
			);
			runOnlyForDeploymentPostprocessing = 0;
		};
/* End PBXResourcesBuildPhase section */

/* Begin PBXShellScriptBuildPhase section */
		C478DEAD2BC5DAB500C089D7 /* ShellScript */ = {
			isa = PBXShellScriptBuildPhase;
			alwaysOutOfDate = 1;
			buildActionMask = 2147483647;
			files = (
			);
			inputFileListPaths = (
			);
			inputPaths = (
			);
			outputFileListPaths = (
			);
			outputPaths = (
			);
			runOnlyForDeploymentPostprocessing = 0;
			shellPath = /bin/sh;
			shellScript = "# Type a script or drag a script file from your workspace to insert its path.\nswiftlint --fix\n";
		};
		C47BBB6A2BBEE73D009CBE8A /* ShellScript */ = {
			isa = PBXShellScriptBuildPhase;
			alwaysOutOfDate = 1;
			buildActionMask = 2147483647;
			files = (
			);
			inputFileListPaths = (
			);
			inputPaths = (
			);
			outputFileListPaths = (
			);
			outputPaths = (
			);
			runOnlyForDeploymentPostprocessing = 0;
			shellPath = /bin/sh;
			shellScript = "# Type a script or drag a script file from your workspace to insert its path.\nif [[ \"$(uname -m)\" == arm64 ]]; then\n    export PATH=\"/opt/homebrew/bin:$PATH\"\nfi\n\nif which swiftlint > /dev/null; then\n  swiftlint\nelse\n  echo \"warning: SwiftLint not installed, download from https://github.com/realm/SwiftLint\"\nfi\n";
		};
/* End PBXShellScriptBuildPhase section */

/* Begin PBXSourcesBuildPhase section */
		C49C5FA82BBF576400554218 /* Sources */ = {
			isa = PBXSourcesBuildPhase;
			buildActionMask = 2147483647;
			files = (
				C4AA48E52BC5880600D45D3F /* SettingsModel.swift in Sources */,
				C49C5FB42BBF576400554218 /* NewsWidgetsBundle.swift in Sources */,
				C4AA48E42BC5864F00D45D3F /* String+Extensions.swift in Sources */,
				C49C5FC52BC0035000554218 /* Articles.swift in Sources */,
				C49C5FCF2BC003D600554218 /* LoaderConfiguration.swift in Sources */,
				C4AA48E32BC5864B00D45D3F /* Date+Extensions.swift in Sources */,
				C49C5FBA2BBF576400554218 /* AppIntent.swift in Sources */,
				C49C5FCD2BC0037200554218 /* Source.swift in Sources */,
				C4AA48E02BC585C600D45D3F /* Category.swift in Sources */,
				C49C5FB82BBF576400554218 /* NewsWidgets.swift in Sources */,
				C49C5FC62BC0036500554218 /* CommonInfo.swift in Sources */,
				C49C5FB62BBF576400554218 /* NewsWidgetsLiveActivity.swift in Sources */,
			);
			runOnlyForDeploymentPostprocessing = 0;
		};
		C4BC8D012BB2FA3900A0AFC8 /* Sources */ = {
			isa = PBXSourcesBuildPhase;
			buildActionMask = 2147483647;
			files = (
				C4BC8D572BB35EB200A0AFC8 /* CGFloat+Extensions.swift in Sources */,
				C475AEA42BCD6D4B00189AA4 /* OpenWebViewButton.swift in Sources */,
				C4311A592BB708A500DE9194 /* CheckMark.swift in Sources */,
				C41587052BC67E1F00C6BD2C /* OpenLinkButton.swift in Sources */,
				C44CFCBA2BBC57D900CCAC97 /* LinkCell.swift in Sources */,
				C49C849E2BB455CE00571CD4 /* View+Extensions.swift in Sources */,
				C4BC8D4F2BB348C600A0AFC8 /* String+Extensions.swift in Sources */,
				C4BC8D382BB3089900A0AFC8 /* CommonInfo.swift in Sources */,
				C44CFCB82BBC56B700CCAC97 /* InfoCell.swift in Sources */,
				C4BC8D4B2BB318B500A0AFC8 /* VibrateManager.swift in Sources */,
				C4F676EC2BB5A36A002F3BCE /* ViewModel+Loading.swift in Sources */,
				C4AA48DF2BC5827F00D45D3F /* ViewModel.swift in Sources */,
				C45116A02BB965300003250E /* Loader.swift in Sources */,
				C40AEBF02BBDD94500CA7DA2 /* ReturnCell.swift in Sources */,
				C4AA48E82BC597C600D45D3F /* NotificationManager.swift in Sources */,
				C4BC8D532BB35C9900A0AFC8 /* ErrorView.swift in Sources */,
				C4F676E32BB570F5002F3BCE /* SoundTheme.swift in Sources */,
				C4BC8D3A2BB308A500A0AFC8 /* Articles.swift in Sources */,
				C4BC8D512BB34D0E00A0AFC8 /* TopicCell.swift in Sources */,
				C433F51A2BB40C2C0088A7FC /* Category.swift in Sources */,
				C4F676EA2BB590EA002F3BCE /* ImageProvider.swift in Sources */,
				C44CFCB22BBC3F8200CCAC97 /* AdditionalInfo.swift in Sources */,
				C475AEA22BCD6C1300189AA4 /* WebView.swift in Sources */,
				C4BC8D3C2BB308B600A0AFC8 /* Source.swift in Sources */,
				C4F676EE2BB5A3B2002F3BCE /* ViewModel+Settings.swift in Sources */,
				C4A65E552BB76E0D002E3F39 /* SoundManager.swift in Sources */,
				C41F1E5A2BC759D3006C6E90 /* ViewModel+ShortcutItems.swift in Sources */,
				C4BC8D482BB3186400A0AFC8 /* DeveloperInfo.swift in Sources */,
				C4311A532BB700B800DE9194 /* TopicsList.swift in Sources */,
				C4311A512BB6FE3E00DE9194 /* SettingsCell.swift in Sources */,
				C429E6DB2BB9A5750045AAA5 /* ViewModel+Sound.swift in Sources */,
				C41587002BC67D4B00C6BD2C /* ShareButton.swift in Sources */,
				C47BBB5E2BBE4E92009CBE8A /* LoaderSettingsCell.swift in Sources */,
				C49C849C2BB437F200571CD4 /* Image+AverageColor.swift in Sources */,
				C490ED652BC6027C00AE977C /* Constants.swift in Sources */,
				C47BBB5A2BBE422C009CBE8A /* LoaderConfiguration.swift in Sources */,
				C4BC8D4D2BB3443800A0AFC8 /* Errors.swift in Sources */,
				C478DEB12BC5E00F00C089D7 /* ViewModel+CheckIsRead.swift in Sources */,
				C41F1E582BC75828006C6E90 /* ShortcutItem.swift in Sources */,
				C4AA48E22BC5860D00D45D3F /* Date+Extensions.swift in Sources */,
				C4BC8D0B2BB2FA3900A0AFC8 /* ContentView.swift in Sources */,
				C4BC8D3E2BB312BF00A0AFC8 /* SettingsList.swift in Sources */,
				C41587072BC67F1200C6BD2C /* ButtonMetaData.swift in Sources */,
				C415870F2BC6DC2C00C6BD2C /* NotificationName+Extensions.swift in Sources */,
				C44CFCB02BBAA5EF00CCAC97 /* ViewModel+Haptics.swift in Sources */,
				C4BC8D442BB3180200A0AFC8 /* Mode.swift in Sources */,
				C4BC8D462BB3181200A0AFC8 /* HttpStatusCodes.swift in Sources */,
				C4BC8D592BB35FEE00A0AFC8 /* CustomButton.swift in Sources */,
				C4BC8D552BB35CC300A0AFC8 /* Aliases.swift in Sources */,
				C4BC8D402BB3162D00A0AFC8 /* TopicDetail.swift in Sources */,
				C4BC8D0D2BB2FA3900A0AFC8 /* SettingsModel.swift in Sources */,
				C478DEAF2BC5DFC600C089D7 /* ViewModel+Notifications.swift in Sources */,
				C4BC8D092BB2FA3900A0AFC8 /* NewsApp.swift in Sources */,
				C45734AD2BBCFDD4005CA143 /* ActivityVcWrapper.swift in Sources */,
				C44795F02BC81D42005F7431 /* SettingsTip.swift in Sources */,
				C41F1E5C2BC75C38006C6E90 /* Delegates.swift in Sources */,
			);
			runOnlyForDeploymentPostprocessing = 0;
		};
		C4BC8D132BB2FA3B00A0AFC8 /* Sources */ = {
			isa = PBXSourcesBuildPhase;
			buildActionMask = 2147483647;
			files = (
				C49C5FCB2BC0037200554218 /* Source.swift in Sources */,
				C49C5FC82BC0036900554218 /* CommonInfo.swift in Sources */,
				C49C5FCA2BC0036B00554218 /* Articles.swift in Sources */,
				C4BC8D1C2BB2FA3B00A0AFC8 /* NewsTests.swift in Sources */,
			);
			runOnlyForDeploymentPostprocessing = 0;
		};
		C4BC8D1D2BB2FA3B00A0AFC8 /* Sources */ = {
			isa = PBXSourcesBuildPhase;
			buildActionMask = 2147483647;
			files = (
				C49C5FC92BC0036B00554218 /* Articles.swift in Sources */,
				C4BC8D262BB2FA3B00A0AFC8 /* NewsUITests.swift in Sources */,
				C49C5FC72BC0036800554218 /* CommonInfo.swift in Sources */,
				C49C5FCC2BC0037200554218 /* Source.swift in Sources */,
				C4BC8D282BB2FA3B00A0AFC8 /* NewsUITestsLaunchTests.swift in Sources */,
			);
			runOnlyForDeploymentPostprocessing = 0;
		};
/* End PBXSourcesBuildPhase section */

/* Begin PBXTargetDependency section */
		C49C5FBF2BBF576600554218 /* PBXTargetDependency */ = {
			isa = PBXTargetDependency;
			target = C49C5FAB2BBF576400554218 /* NewsWidgetsExtension */;
			targetProxy = C49C5FBE2BBF576600554218 /* PBXContainerItemProxy */;
		};
		C4BC8D192BB2FA3B00A0AFC8 /* PBXTargetDependency */ = {
			isa = PBXTargetDependency;
			target = C4BC8D042BB2FA3900A0AFC8 /* News */;
			targetProxy = C4BC8D182BB2FA3B00A0AFC8 /* PBXContainerItemProxy */;
		};
		C4BC8D232BB2FA3B00A0AFC8 /* PBXTargetDependency */ = {
			isa = PBXTargetDependency;
			target = C4BC8D042BB2FA3900A0AFC8 /* News */;
			targetProxy = C4BC8D222BB2FA3B00A0AFC8 /* PBXContainerItemProxy */;
		};
/* End PBXTargetDependency section */

/* Begin XCBuildConfiguration section */
		C49C5FC22BBF576600554218 /* Debug */ = {
			isa = XCBuildConfiguration;
			buildSettings = {
				ASSETCATALOG_COMPILER_GLOBAL_ACCENT_COLOR_NAME = AccentColor;
				ASSETCATALOG_COMPILER_WIDGET_BACKGROUND_COLOR_NAME = WidgetBackground;
				CODE_SIGN_ENTITLEMENTS = NewsWidgetsExtension.entitlements;
				CODE_SIGN_STYLE = Automatic;
				CURRENT_PROJECT_VERSION = 1;
				DEVELOPMENT_TEAM = 62XGY8QWW9;
				GENERATE_INFOPLIST_FILE = YES;
				INFOPLIST_FILE = NewsWidgets/Info.plist;
				INFOPLIST_KEY_CFBundleDisplayName = NewsWidgets;
				INFOPLIST_KEY_NSHumanReadableCopyright = "";
				IPHONEOS_DEPLOYMENT_TARGET = 17.2;
				LD_RUNPATH_SEARCH_PATHS = (
					"$(inherited)",
					"@executable_path/Frameworks",
					"@executable_path/../../Frameworks",
				);
				MARKETING_VERSION = 1.0;
				PRODUCT_BUNDLE_IDENTIFIER = news2.0.News.NewsWidgets;
				PRODUCT_NAME = "$(TARGET_NAME)";
				SKIP_INSTALL = YES;
				SWIFT_EMIT_LOC_STRINGS = YES;
				SWIFT_VERSION = 5.0;
				TARGETED_DEVICE_FAMILY = "1,2";
			};
			name = Debug;
		};
		C49C5FC32BBF576600554218 /* Release */ = {
			isa = XCBuildConfiguration;
			buildSettings = {
				ASSETCATALOG_COMPILER_GLOBAL_ACCENT_COLOR_NAME = AccentColor;
				ASSETCATALOG_COMPILER_WIDGET_BACKGROUND_COLOR_NAME = WidgetBackground;
				CODE_SIGN_ENTITLEMENTS = NewsWidgetsExtension.entitlements;
				CODE_SIGN_STYLE = Automatic;
				CURRENT_PROJECT_VERSION = 1;
				DEVELOPMENT_TEAM = 62XGY8QWW9;
				GENERATE_INFOPLIST_FILE = YES;
				INFOPLIST_FILE = NewsWidgets/Info.plist;
				INFOPLIST_KEY_CFBundleDisplayName = NewsWidgets;
				INFOPLIST_KEY_NSHumanReadableCopyright = "";
				IPHONEOS_DEPLOYMENT_TARGET = 17.2;
				LD_RUNPATH_SEARCH_PATHS = (
					"$(inherited)",
					"@executable_path/Frameworks",
					"@executable_path/../../Frameworks",
				);
				MARKETING_VERSION = 1.0;
				PRODUCT_BUNDLE_IDENTIFIER = news2.0.News.NewsWidgets;
				PRODUCT_NAME = "$(TARGET_NAME)";
				SKIP_INSTALL = YES;
				SWIFT_EMIT_LOC_STRINGS = YES;
				SWIFT_VERSION = 5.0;
				TARGETED_DEVICE_FAMILY = "1,2";
			};
			name = Release;
		};
		C4BC8D292BB2FA3B00A0AFC8 /* Debug */ = {
			isa = XCBuildConfiguration;
			buildSettings = {
				ALWAYS_SEARCH_USER_PATHS = NO;
				ASSETCATALOG_COMPILER_GENERATE_SWIFT_ASSET_SYMBOL_EXTENSIONS = YES;
				CLANG_ANALYZER_NONNULL = YES;
				CLANG_ANALYZER_NUMBER_OBJECT_CONVERSION = YES_AGGRESSIVE;
				CLANG_CXX_LANGUAGE_STANDARD = "gnu++20";
				CLANG_ENABLE_MODULES = YES;
				CLANG_ENABLE_OBJC_ARC = YES;
				CLANG_ENABLE_OBJC_WEAK = YES;
				CLANG_WARN_BLOCK_CAPTURE_AUTORELEASING = YES;
				CLANG_WARN_BOOL_CONVERSION = YES;
				CLANG_WARN_COMMA = YES;
				CLANG_WARN_CONSTANT_CONVERSION = YES;
				CLANG_WARN_DEPRECATED_OBJC_IMPLEMENTATIONS = YES;
				CLANG_WARN_DIRECT_OBJC_ISA_USAGE = YES_ERROR;
				CLANG_WARN_DOCUMENTATION_COMMENTS = YES;
				CLANG_WARN_EMPTY_BODY = YES;
				CLANG_WARN_ENUM_CONVERSION = YES;
				CLANG_WARN_INFINITE_RECURSION = YES;
				CLANG_WARN_INT_CONVERSION = YES;
				CLANG_WARN_NON_LITERAL_NULL_CONVERSION = YES;
				CLANG_WARN_OBJC_IMPLICIT_RETAIN_SELF = YES;
				CLANG_WARN_OBJC_LITERAL_CONVERSION = YES;
				CLANG_WARN_OBJC_ROOT_CLASS = YES_ERROR;
				CLANG_WARN_QUOTED_INCLUDE_IN_FRAMEWORK_HEADER = YES;
				CLANG_WARN_RANGE_LOOP_ANALYSIS = YES;
				CLANG_WARN_STRICT_PROTOTYPES = YES;
				CLANG_WARN_SUSPICIOUS_MOVE = YES;
				CLANG_WARN_UNGUARDED_AVAILABILITY = YES_AGGRESSIVE;
				CLANG_WARN_UNREACHABLE_CODE = YES;
				CLANG_WARN__DUPLICATE_METHOD_MATCH = YES;
				COPY_PHASE_STRIP = NO;
				DEBUG_INFORMATION_FORMAT = dwarf;
				ENABLE_STRICT_OBJC_MSGSEND = YES;
				ENABLE_TESTABILITY = YES;
				ENABLE_USER_SCRIPT_SANDBOXING = YES;
				GCC_C_LANGUAGE_STANDARD = gnu17;
				GCC_DYNAMIC_NO_PIC = NO;
				GCC_NO_COMMON_BLOCKS = YES;
				GCC_OPTIMIZATION_LEVEL = 0;
				GCC_PREPROCESSOR_DEFINITIONS = (
					"DEBUG=1",
					"$(inherited)",
				);
				GCC_WARN_64_TO_32_BIT_CONVERSION = YES;
				GCC_WARN_ABOUT_RETURN_TYPE = YES_ERROR;
				GCC_WARN_UNDECLARED_SELECTOR = YES;
				GCC_WARN_UNINITIALIZED_AUTOS = YES_AGGRESSIVE;
				GCC_WARN_UNUSED_FUNCTION = YES;
				GCC_WARN_UNUSED_VARIABLE = YES;
				IPHONEOS_DEPLOYMENT_TARGET = 17.0;
				LOCALIZATION_PREFERS_STRING_CATALOGS = YES;
				MTL_ENABLE_DEBUG_INFO = INCLUDE_SOURCE;
				MTL_FAST_MATH = YES;
				ONLY_ACTIVE_ARCH = YES;
				SDKROOT = iphoneos;
				SWIFT_ACTIVE_COMPILATION_CONDITIONS = "DEBUG $(inherited)";
				SWIFT_OPTIMIZATION_LEVEL = "-Onone";
			};
			name = Debug;
		};
		C4BC8D2A2BB2FA3B00A0AFC8 /* Release */ = {
			isa = XCBuildConfiguration;
			buildSettings = {
				ALWAYS_SEARCH_USER_PATHS = NO;
				ASSETCATALOG_COMPILER_GENERATE_SWIFT_ASSET_SYMBOL_EXTENSIONS = YES;
				CLANG_ANALYZER_NONNULL = YES;
				CLANG_ANALYZER_NUMBER_OBJECT_CONVERSION = YES_AGGRESSIVE;
				CLANG_CXX_LANGUAGE_STANDARD = "gnu++20";
				CLANG_ENABLE_MODULES = YES;
				CLANG_ENABLE_OBJC_ARC = YES;
				CLANG_ENABLE_OBJC_WEAK = YES;
				CLANG_WARN_BLOCK_CAPTURE_AUTORELEASING = YES;
				CLANG_WARN_BOOL_CONVERSION = YES;
				CLANG_WARN_COMMA = YES;
				CLANG_WARN_CONSTANT_CONVERSION = YES;
				CLANG_WARN_DEPRECATED_OBJC_IMPLEMENTATIONS = YES;
				CLANG_WARN_DIRECT_OBJC_ISA_USAGE = YES_ERROR;
				CLANG_WARN_DOCUMENTATION_COMMENTS = YES;
				CLANG_WARN_EMPTY_BODY = YES;
				CLANG_WARN_ENUM_CONVERSION = YES;
				CLANG_WARN_INFINITE_RECURSION = YES;
				CLANG_WARN_INT_CONVERSION = YES;
				CLANG_WARN_NON_LITERAL_NULL_CONVERSION = YES;
				CLANG_WARN_OBJC_IMPLICIT_RETAIN_SELF = YES;
				CLANG_WARN_OBJC_LITERAL_CONVERSION = YES;
				CLANG_WARN_OBJC_ROOT_CLASS = YES_ERROR;
				CLANG_WARN_QUOTED_INCLUDE_IN_FRAMEWORK_HEADER = YES;
				CLANG_WARN_RANGE_LOOP_ANALYSIS = YES;
				CLANG_WARN_STRICT_PROTOTYPES = YES;
				CLANG_WARN_SUSPICIOUS_MOVE = YES;
				CLANG_WARN_UNGUARDED_AVAILABILITY = YES_AGGRESSIVE;
				CLANG_WARN_UNREACHABLE_CODE = YES;
				CLANG_WARN__DUPLICATE_METHOD_MATCH = YES;
				COPY_PHASE_STRIP = NO;
				DEBUG_INFORMATION_FORMAT = "dwarf-with-dsym";
				ENABLE_NS_ASSERTIONS = NO;
				ENABLE_STRICT_OBJC_MSGSEND = YES;
				ENABLE_USER_SCRIPT_SANDBOXING = YES;
				GCC_C_LANGUAGE_STANDARD = gnu17;
				GCC_NO_COMMON_BLOCKS = YES;
				GCC_WARN_64_TO_32_BIT_CONVERSION = YES;
				GCC_WARN_ABOUT_RETURN_TYPE = YES_ERROR;
				GCC_WARN_UNDECLARED_SELECTOR = YES;
				GCC_WARN_UNINITIALIZED_AUTOS = YES_AGGRESSIVE;
				GCC_WARN_UNUSED_FUNCTION = YES;
				GCC_WARN_UNUSED_VARIABLE = YES;
				IPHONEOS_DEPLOYMENT_TARGET = 17.0;
				LOCALIZATION_PREFERS_STRING_CATALOGS = YES;
				MTL_ENABLE_DEBUG_INFO = NO;
				MTL_FAST_MATH = YES;
				SDKROOT = iphoneos;
				SWIFT_COMPILATION_MODE = wholemodule;
				VALIDATE_PRODUCT = YES;
			};
			name = Release;
		};
		C4BC8D2C2BB2FA3B00A0AFC8 /* Debug */ = {
			isa = XCBuildConfiguration;
			buildSettings = {
				ALWAYS_EMBED_SWIFT_STANDARD_LIBRARIES = YES;
				ASSETCATALOG_COMPILER_APPICON_NAME = AppIcon;
				ASSETCATALOG_COMPILER_GLOBAL_ACCENT_COLOR_NAME = AccentColor;
				CODE_SIGN_STYLE = Automatic;
				CURRENT_PROJECT_VERSION = 1;
				DEVELOPMENT_ASSET_PATHS = "\"News/Preview Content\"";
				DEVELOPMENT_TEAM = 62XGY8QWW9;
				ENABLE_PREVIEWS = YES;
				ENABLE_USER_SCRIPT_SANDBOXING = NO;
				GENERATE_INFOPLIST_FILE = YES;
				INFOPLIST_FILE = News/Info.plist;
				INFOPLIST_KEY_UIApplicationSceneManifest_Generation = YES;
				INFOPLIST_KEY_UIApplicationSupportsIndirectInputEvents = YES;
				INFOPLIST_KEY_UILaunchScreen_Generation = YES;
				INFOPLIST_KEY_UISupportedInterfaceOrientations_iPad = "UIInterfaceOrientationPortrait UIInterfaceOrientationPortraitUpsideDown UIInterfaceOrientationLandscapeLeft UIInterfaceOrientationLandscapeRight";
				INFOPLIST_KEY_UISupportedInterfaceOrientations_iPhone = "UIInterfaceOrientationPortrait UIInterfaceOrientationLandscapeLeft UIInterfaceOrientationLandscapeRight";
				LD_RUNPATH_SEARCH_PATHS = (
					"$(inherited)",
					"@executable_path/Frameworks",
				);
				MARKETING_VERSION = 1.0;
				PRODUCT_BUNDLE_IDENTIFIER = news2.0.News;
				PRODUCT_NAME = "$(TARGET_NAME)";
				SWIFT_EMIT_LOC_STRINGS = YES;
				SWIFT_VERSION = 5.0;
				TARGETED_DEVICE_FAMILY = "1,2";
			};
			name = Debug;
		};
		C4BC8D2D2BB2FA3B00A0AFC8 /* Release */ = {
			isa = XCBuildConfiguration;
			buildSettings = {
				ALWAYS_EMBED_SWIFT_STANDARD_LIBRARIES = YES;
				ASSETCATALOG_COMPILER_APPICON_NAME = AppIcon;
				ASSETCATALOG_COMPILER_GLOBAL_ACCENT_COLOR_NAME = AccentColor;
				CODE_SIGN_STYLE = Automatic;
				CURRENT_PROJECT_VERSION = 1;
				DEVELOPMENT_ASSET_PATHS = "\"News/Preview Content\"";
				DEVELOPMENT_TEAM = 62XGY8QWW9;
				ENABLE_PREVIEWS = YES;
				ENABLE_USER_SCRIPT_SANDBOXING = NO;
				GENERATE_INFOPLIST_FILE = YES;
				INFOPLIST_FILE = News/Info.plist;
				INFOPLIST_KEY_UIApplicationSceneManifest_Generation = YES;
				INFOPLIST_KEY_UIApplicationSupportsIndirectInputEvents = YES;
				INFOPLIST_KEY_UILaunchScreen_Generation = YES;
				INFOPLIST_KEY_UISupportedInterfaceOrientations_iPad = "UIInterfaceOrientationPortrait UIInterfaceOrientationPortraitUpsideDown UIInterfaceOrientationLandscapeLeft UIInterfaceOrientationLandscapeRight";
				INFOPLIST_KEY_UISupportedInterfaceOrientations_iPhone = "UIInterfaceOrientationPortrait UIInterfaceOrientationLandscapeLeft UIInterfaceOrientationLandscapeRight";
				LD_RUNPATH_SEARCH_PATHS = (
					"$(inherited)",
					"@executable_path/Frameworks",
				);
				MARKETING_VERSION = 1.0;
				PRODUCT_BUNDLE_IDENTIFIER = news2.0.News;
				PRODUCT_NAME = "$(TARGET_NAME)";
				SWIFT_EMIT_LOC_STRINGS = YES;
				SWIFT_VERSION = 5.0;
				TARGETED_DEVICE_FAMILY = "1,2";
			};
			name = Release;
		};
		C4BC8D2F2BB2FA3B00A0AFC8 /* Debug */ = {
			isa = XCBuildConfiguration;
			buildSettings = {
				ALWAYS_EMBED_SWIFT_STANDARD_LIBRARIES = YES;
				BUNDLE_LOADER = "$(TEST_HOST)";
				CODE_SIGN_STYLE = Automatic;
				CURRENT_PROJECT_VERSION = 1;
				DEVELOPMENT_TEAM = 62XGY8QWW9;
				GENERATE_INFOPLIST_FILE = YES;
				IPHONEOS_DEPLOYMENT_TARGET = 17.2;
				MARKETING_VERSION = 1.0;
				PRODUCT_BUNDLE_IDENTIFIER = "-.NewsTests";
				PRODUCT_NAME = "$(TARGET_NAME)";
				SWIFT_EMIT_LOC_STRINGS = NO;
				SWIFT_VERSION = 5.0;
				TARGETED_DEVICE_FAMILY = "1,2";
				TEST_HOST = "$(BUILT_PRODUCTS_DIR)/News.app/$(BUNDLE_EXECUTABLE_FOLDER_PATH)/News";
			};
			name = Debug;
		};
		C4BC8D302BB2FA3B00A0AFC8 /* Release */ = {
			isa = XCBuildConfiguration;
			buildSettings = {
				ALWAYS_EMBED_SWIFT_STANDARD_LIBRARIES = YES;
				BUNDLE_LOADER = "$(TEST_HOST)";
				CODE_SIGN_STYLE = Automatic;
				CURRENT_PROJECT_VERSION = 1;
				DEVELOPMENT_TEAM = 62XGY8QWW9;
				GENERATE_INFOPLIST_FILE = YES;
				IPHONEOS_DEPLOYMENT_TARGET = 17.2;
				MARKETING_VERSION = 1.0;
				PRODUCT_BUNDLE_IDENTIFIER = "-.NewsTests";
				PRODUCT_NAME = "$(TARGET_NAME)";
				SWIFT_EMIT_LOC_STRINGS = NO;
				SWIFT_VERSION = 5.0;
				TARGETED_DEVICE_FAMILY = "1,2";
				TEST_HOST = "$(BUILT_PRODUCTS_DIR)/News.app/$(BUNDLE_EXECUTABLE_FOLDER_PATH)/News";
			};
			name = Release;
		};
		C4BC8D322BB2FA3B00A0AFC8 /* Debug */ = {
			isa = XCBuildConfiguration;
			buildSettings = {
				ALWAYS_EMBED_SWIFT_STANDARD_LIBRARIES = YES;
				CODE_SIGN_STYLE = Automatic;
				CURRENT_PROJECT_VERSION = 1;
				DEVELOPMENT_TEAM = 62XGY8QWW9;
				GENERATE_INFOPLIST_FILE = YES;
				MARKETING_VERSION = 1.0;
				PRODUCT_BUNDLE_IDENTIFIER = "-.NewsUITests";
				PRODUCT_NAME = "$(TARGET_NAME)";
				SWIFT_EMIT_LOC_STRINGS = NO;
				SWIFT_VERSION = 5.0;
				TARGETED_DEVICE_FAMILY = "1,2";
				TEST_TARGET_NAME = News;
			};
			name = Debug;
		};
		C4BC8D332BB2FA3B00A0AFC8 /* Release */ = {
			isa = XCBuildConfiguration;
			buildSettings = {
				ALWAYS_EMBED_SWIFT_STANDARD_LIBRARIES = YES;
				CODE_SIGN_STYLE = Automatic;
				CURRENT_PROJECT_VERSION = 1;
				DEVELOPMENT_TEAM = 62XGY8QWW9;
				GENERATE_INFOPLIST_FILE = YES;
				MARKETING_VERSION = 1.0;
				PRODUCT_BUNDLE_IDENTIFIER = "-.NewsUITests";
				PRODUCT_NAME = "$(TARGET_NAME)";
				SWIFT_EMIT_LOC_STRINGS = NO;
				SWIFT_VERSION = 5.0;
				TARGETED_DEVICE_FAMILY = "1,2";
				TEST_TARGET_NAME = News;
			};
			name = Release;
		};
/* End XCBuildConfiguration section */

/* Begin XCConfigurationList section */
		C49C5FC42BBF576600554218 /* Build configuration list for PBXNativeTarget "NewsWidgetsExtension" */ = {
			isa = XCConfigurationList;
			buildConfigurations = (
				C49C5FC22BBF576600554218 /* Debug */,
				C49C5FC32BBF576600554218 /* Release */,
			);
			defaultConfigurationIsVisible = 0;
			defaultConfigurationName = Release;
		};
		C4BC8D002BB2FA3900A0AFC8 /* Build configuration list for PBXProject "News" */ = {
			isa = XCConfigurationList;
			buildConfigurations = (
				C4BC8D292BB2FA3B00A0AFC8 /* Debug */,
				C4BC8D2A2BB2FA3B00A0AFC8 /* Release */,
			);
			defaultConfigurationIsVisible = 0;
			defaultConfigurationName = Release;
		};
		C4BC8D2B2BB2FA3B00A0AFC8 /* Build configuration list for PBXNativeTarget "News" */ = {
			isa = XCConfigurationList;
			buildConfigurations = (
				C4BC8D2C2BB2FA3B00A0AFC8 /* Debug */,
				C4BC8D2D2BB2FA3B00A0AFC8 /* Release */,
			);
			defaultConfigurationIsVisible = 0;
			defaultConfigurationName = Release;
		};
		C4BC8D2E2BB2FA3B00A0AFC8 /* Build configuration list for PBXNativeTarget "NewsTests" */ = {
			isa = XCConfigurationList;
			buildConfigurations = (
				C4BC8D2F2BB2FA3B00A0AFC8 /* Debug */,
				C4BC8D302BB2FA3B00A0AFC8 /* Release */,
			);
			defaultConfigurationIsVisible = 0;
			defaultConfigurationName = Release;
		};
		C4BC8D312BB2FA3B00A0AFC8 /* Build configuration list for PBXNativeTarget "NewsUITests" */ = {
			isa = XCConfigurationList;
			buildConfigurations = (
				C4BC8D322BB2FA3B00A0AFC8 /* Debug */,
				C4BC8D332BB2FA3B00A0AFC8 /* Release */,
			);
			defaultConfigurationIsVisible = 0;
			defaultConfigurationName = Release;
		};
/* End XCConfigurationList section */

/* Begin XCRemoteSwiftPackageReference section */
		C451169C2BB965010003250E /* XCRemoteSwiftPackageReference "lottie-spm" */ = {
			isa = XCRemoteSwiftPackageReference;
			repositoryURL = "https://github.com/airbnb/lottie-spm.git";
			requirement = {
				kind = upToNextMajorVersion;
				minimumVersion = 4.4.1;
			};
		};
		C47BBB652BBEE6A1009CBE8A /* XCRemoteSwiftPackageReference "SwiftLint" */ = {
			isa = XCRemoteSwiftPackageReference;
			repositoryURL = "https://github.com/realm/SwiftLint.git";
			requirement = {
				kind = upToNextMajorVersion;
				minimumVersion = 0.54.0;
			};
		};
/* End XCRemoteSwiftPackageReference section */

/* Begin XCSwiftPackageProductDependency section */
		C451169D2BB965010003250E /* Lottie */ = {
			isa = XCSwiftPackageProductDependency;
			package = C451169C2BB965010003250E /* XCRemoteSwiftPackageReference "lottie-spm" */;
			productName = Lottie;
		};
/* End XCSwiftPackageProductDependency section */
	};
	rootObject = C4BC8CFD2BB2FA3900A0AFC8 /* Project object */;
}
